// !$*UTF8*$!
{
	archiveVersion = 1;
	classes = {
	};
	objectVersion = 46;
	objects = {

/* Begin PBXBuildFile section */
		7BD056121CC70EA100BCB113 /* Team.m in Sources */ = {isa = PBXBuildFile; fileRef = 7BD0560A1CC70EA100BCB113 /* Team.m */; };
		7BD056251CC73A9D00BCB113 /* Group.m in Sources */ = {isa = PBXBuildFile; fileRef = 7BD0561F1CC73A9D00BCB113 /* Group.m */; };
		C2C5C00E1CC564D70010133B /* main.m in Sources */ = {isa = PBXBuildFile; fileRef = C2C5C00D1CC564D70010133B /* main.m */; };
		C2C5C0111CC564D70010133B /* AppDelegate.m in Sources */ = {isa = PBXBuildFile; fileRef = C2C5C0101CC564D70010133B /* AppDelegate.m */; };
		C2C5C0171CC564D70010133B /* Main.storyboard in Resources */ = {isa = PBXBuildFile; fileRef = C2C5C0151CC564D70010133B /* Main.storyboard */; };
		C2C5C01A1CC564D70010133B /* CopaRAJ.xcdatamodeld in Sources */ = {isa = PBXBuildFile; fileRef = C2C5C0181CC564D70010133B /* CopaRAJ.xcdatamodeld */; };
		C2C5C01C1CC564D70010133B /* Assets.xcassets in Resources */ = {isa = PBXBuildFile; fileRef = C2C5C01B1CC564D70010133B /* Assets.xcassets */; };
		C2C5C01F1CC564D70010133B /* LaunchScreen.storyboard in Resources */ = {isa = PBXBuildFile; fileRef = C2C5C01D1CC564D70010133B /* LaunchScreen.storyboard */; };
		C2C5C02A1CC564D70010133B /* CopaRAJTests.m in Sources */ = {isa = PBXBuildFile; fileRef = C2C5C0291CC564D70010133B /* CopaRAJTests.m */; };
		C2C5C0351CC564D70010133B /* CopaRAJUITests.m in Sources */ = {isa = PBXBuildFile; fileRef = C2C5C0341CC564D70010133B /* CopaRAJUITests.m */; };
		C2C799FC1CC83B1A00D1BBBC /* BracketCell.m in Sources */ = {isa = PBXBuildFile; fileRef = C2C799FB1CC83B1A00D1BBBC /* BracketCell.m */; };
		D82BF4E71CC5DC2A00E80C51 /* Game.storyboard in Resources */ = {isa = PBXBuildFile; fileRef = D82BF4E61CC5DC2A00E80C51 /* Game.storyboard */; };
		D82BF4EA1CC5DC9000E80C51 /* Group.storyboard in Resources */ = {isa = PBXBuildFile; fileRef = D82BF4E81CC5DC9000E80C51 /* Group.storyboard */; };
		D82BF4ED1CC5DCC200E80C51 /* Tourny.storyboard in Resources */ = {isa = PBXBuildFile; fileRef = D82BF4EB1CC5DCC200E80C51 /* Tourny.storyboard */; };
		D8F2D0B91CC5935C003F8465 /* HomeVC.m in Sources */ = {isa = PBXBuildFile; fileRef = D8F2D0B81CC5935C003F8465 /* HomeVC.m */; };
		D8F2D0BF1CC59537003F8465 /* HomeTableViewCell.m in Sources */ = {isa = PBXBuildFile; fileRef = D8F2D0BE1CC59537003F8465 /* HomeTableViewCell.m */; };
		D8F2D0C21CC5B50F003F8465 /* GroupTableViewCell.m in Sources */ = {isa = PBXBuildFile; fileRef = D8F2D0C11CC5B50F003F8465 /* GroupTableViewCell.m */; };
		D8F2D0C51CC5B6F9003F8465 /* GroupVC.m in Sources */ = {isa = PBXBuildFile; fileRef = D8F2D0C41CC5B6F9003F8465 /* GroupVC.m */; };
		D8F2D0CB1CC5B75F003F8465 /* GameVC.m in Sources */ = {isa = PBXBuildFile; fileRef = D8F2D0CA1CC5B75F003F8465 /* GameVC.m */; };
		D8F2D0CE1CC5B777003F8465 /* TourneyVC.m in Sources */ = {isa = PBXBuildFile; fileRef = D8F2D0CD1CC5B777003F8465 /* TourneyVC.m */; };
		D8F923CE1CC820BE00469D5D /* Match+CoreDataProperties.m in Sources */ = {isa = PBXBuildFile; fileRef = D8F923C51CC820BE00469D5D /* Match+CoreDataProperties.m */; };
		D8F923CF1CC820BE00469D5D /* Match.m in Sources */ = {isa = PBXBuildFile; fileRef = D8F923C71CC820BE00469D5D /* Match.m */; };
		D8F923D01CC820BE00469D5D /* Group+CoreDataProperties.m in Sources */ = {isa = PBXBuildFile; fileRef = D8F923C91CC820BE00469D5D /* Group+CoreDataProperties.m */; };
		D8F923D21CC820BE00469D5D /* Team+CoreDataProperties.m in Sources */ = {isa = PBXBuildFile; fileRef = D8F923CD1CC820BE00469D5D /* Team+CoreDataProperties.m */; };
/* End PBXBuildFile section */

/* Begin PBXContainerItemProxy section */
		C2C5C0261CC564D70010133B /* PBXContainerItemProxy */ = {
			isa = PBXContainerItemProxy;
			containerPortal = C2C5C0011CC564D70010133B /* Project object */;
			proxyType = 1;
			remoteGlobalIDString = C2C5C0081CC564D70010133B;
			remoteInfo = CopaRAJ;
		};
		C2C5C0311CC564D70010133B /* PBXContainerItemProxy */ = {
			isa = PBXContainerItemProxy;
			containerPortal = C2C5C0011CC564D70010133B /* Project object */;
			proxyType = 1;
			remoteGlobalIDString = C2C5C0081CC564D70010133B;
			remoteInfo = CopaRAJ;
		};
/* End PBXContainerItemProxy section */

/* Begin PBXFileReference section */
		7BD056041CC70EA100BCB113 /* HomeVC.m */ = {isa = PBXFileReference; fileEncoding = 4; lastKnownFileType = sourcecode.c.objc; path = HomeVC.m; sourceTree = SOURCE_ROOT; };
		7BD056091CC70EA100BCB113 /* Team.h */ = {isa = PBXFileReference; fileEncoding = 4; lastKnownFileType = sourcecode.c.h; path = Team.h; sourceTree = SOURCE_ROOT; };
		7BD0560A1CC70EA100BCB113 /* Team.m */ = {isa = PBXFileReference; fileEncoding = 4; lastKnownFileType = sourcecode.c.objc; path = Team.m; sourceTree = SOURCE_ROOT; };
		7BD0561E1CC73A9D00BCB113 /* Group.h */ = {isa = PBXFileReference; fileEncoding = 4; lastKnownFileType = sourcecode.c.h; path = Group.h; sourceTree = "<group>"; };
		7BD0561F1CC73A9D00BCB113 /* Group.m */ = {isa = PBXFileReference; fileEncoding = 4; lastKnownFileType = sourcecode.c.objc; path = Group.m; sourceTree = "<group>"; };
		7BD056261CC7477000BCB113 /* HomeVC.h */ = {isa = PBXFileReference; fileEncoding = 4; lastKnownFileType = sourcecode.c.h; path = HomeVC.h; sourceTree = "<group>"; };
		C2C5C0091CC564D70010133B /* CopaRAJ.app */ = {isa = PBXFileReference; explicitFileType = wrapper.application; includeInIndex = 0; path = CopaRAJ.app; sourceTree = BUILT_PRODUCTS_DIR; };
		C2C5C00D1CC564D70010133B /* main.m */ = {isa = PBXFileReference; lastKnownFileType = sourcecode.c.objc; path = main.m; sourceTree = "<group>"; };
		C2C5C00F1CC564D70010133B /* AppDelegate.h */ = {isa = PBXFileReference; lastKnownFileType = sourcecode.c.h; name = AppDelegate.h; path = CopaRAJ/AppDelegate.h; sourceTree = "<group>"; };
		C2C5C0101CC564D70010133B /* AppDelegate.m */ = {isa = PBXFileReference; lastKnownFileType = sourcecode.c.objc; name = AppDelegate.m; path = CopaRAJ/AppDelegate.m; sourceTree = "<group>"; };
		C2C5C0161CC564D70010133B /* Base */ = {isa = PBXFileReference; lastKnownFileType = file.storyboard; name = Base; path = Base.lproj/Main.storyboard; sourceTree = "<group>"; };
		C2C5C0191CC564D70010133B /* CopaRAJ.xcdatamodel */ = {isa = PBXFileReference; lastKnownFileType = wrapper.xcdatamodel; path = CopaRAJ.xcdatamodel; sourceTree = "<group>"; };
		C2C5C01B1CC564D70010133B /* Assets.xcassets */ = {isa = PBXFileReference; lastKnownFileType = folder.assetcatalog; path = Assets.xcassets; sourceTree = "<group>"; };
		C2C5C01E1CC564D70010133B /* Base */ = {isa = PBXFileReference; lastKnownFileType = file.storyboard; name = Base; path = Base.lproj/LaunchScreen.storyboard; sourceTree = "<group>"; };
		C2C5C0201CC564D70010133B /* Info.plist */ = {isa = PBXFileReference; lastKnownFileType = text.plist.xml; path = Info.plist; sourceTree = "<group>"; };
		C2C5C0251CC564D70010133B /* CopaRAJTests.xctest */ = {isa = PBXFileReference; explicitFileType = wrapper.cfbundle; includeInIndex = 0; path = CopaRAJTests.xctest; sourceTree = BUILT_PRODUCTS_DIR; };
		C2C5C0291CC564D70010133B /* CopaRAJTests.m */ = {isa = PBXFileReference; lastKnownFileType = sourcecode.c.objc; path = CopaRAJTests.m; sourceTree = "<group>"; };
		C2C5C02B1CC564D70010133B /* Info.plist */ = {isa = PBXFileReference; lastKnownFileType = text.plist.xml; path = Info.plist; sourceTree = "<group>"; };
		C2C5C0301CC564D70010133B /* CopaRAJUITests.xctest */ = {isa = PBXFileReference; explicitFileType = wrapper.cfbundle; includeInIndex = 0; path = CopaRAJUITests.xctest; sourceTree = BUILT_PRODUCTS_DIR; };
		C2C5C0341CC564D70010133B /* CopaRAJUITests.m */ = {isa = PBXFileReference; lastKnownFileType = sourcecode.c.objc; path = CopaRAJUITests.m; sourceTree = "<group>"; };
		C2C5C0361CC564D70010133B /* Info.plist */ = {isa = PBXFileReference; lastKnownFileType = text.plist.xml; path = Info.plist; sourceTree = "<group>"; };
		C2C799FA1CC83B1A00D1BBBC /* BracketCell.h */ = {isa = PBXFileReference; fileEncoding = 4; lastKnownFileType = sourcecode.c.h; path = BracketCell.h; sourceTree = "<group>"; };
		C2C799FB1CC83B1A00D1BBBC /* BracketCell.m */ = {isa = PBXFileReference; fileEncoding = 4; lastKnownFileType = sourcecode.c.objc; path = BracketCell.m; sourceTree = "<group>"; };
		D82BF4E61CC5DC2A00E80C51 /* Game.storyboard */ = {isa = PBXFileReference; fileEncoding = 4; lastKnownFileType = file.storyboard; path = Game.storyboard; sourceTree = "<group>"; };
		D82BF4E91CC5DC9000E80C51 /* Base */ = {isa = PBXFileReference; lastKnownFileType = file.storyboard; name = Base; path = Base.lproj/Group.storyboard; sourceTree = "<group>"; };
		D82BF4EC1CC5DCC200E80C51 /* Base */ = {isa = PBXFileReference; lastKnownFileType = file.storyboard; name = Base; path = Base.lproj/Tourny.storyboard; sourceTree = "<group>"; };
		D8F2D0B81CC5935C003F8465 /* HomeVC.m */ = {isa = PBXFileReference; fileEncoding = 4; lastKnownFileType = sourcecode.c.objc; name = HomeVC.m; path = ../HomeVC.m; sourceTree = "<group>"; };
		D8F2D0BD1CC59537003F8465 /* HomeTableViewCell.h */ = {isa = PBXFileReference; fileEncoding = 4; lastKnownFileType = sourcecode.c.h; path = HomeTableViewCell.h; sourceTree = "<group>"; };
		D8F2D0BE1CC59537003F8465 /* HomeTableViewCell.m */ = {isa = PBXFileReference; fileEncoding = 4; lastKnownFileType = sourcecode.c.objc; path = HomeTableViewCell.m; sourceTree = "<group>"; };
		D8F2D0C01CC5B50F003F8465 /* GroupTableViewCell.h */ = {isa = PBXFileReference; fileEncoding = 4; lastKnownFileType = sourcecode.c.h; path = GroupTableViewCell.h; sourceTree = "<group>"; };
		D8F2D0C11CC5B50F003F8465 /* GroupTableViewCell.m */ = {isa = PBXFileReference; fileEncoding = 4; lastKnownFileType = sourcecode.c.objc; path = GroupTableViewCell.m; sourceTree = "<group>"; };
		D8F2D0C31CC5B6F9003F8465 /* GroupVC.h */ = {isa = PBXFileReference; fileEncoding = 4; lastKnownFileType = sourcecode.c.h; path = GroupVC.h; sourceTree = "<group>"; };
		D8F2D0C41CC5B6F9003F8465 /* GroupVC.m */ = {isa = PBXFileReference; fileEncoding = 4; lastKnownFileType = sourcecode.c.objc; path = GroupVC.m; sourceTree = "<group>"; };
		D8F2D0C91CC5B75F003F8465 /* GameVC.h */ = {isa = PBXFileReference; fileEncoding = 4; lastKnownFileType = sourcecode.c.h; path = GameVC.h; sourceTree = "<group>"; };
		D8F2D0CA1CC5B75F003F8465 /* GameVC.m */ = {isa = PBXFileReference; fileEncoding = 4; lastKnownFileType = sourcecode.c.objc; path = GameVC.m; sourceTree = "<group>"; };
		D8F2D0CC1CC5B777003F8465 /* TourneyVC.h */ = {isa = PBXFileReference; fileEncoding = 4; lastKnownFileType = sourcecode.c.h; path = TourneyVC.h; sourceTree = "<group>"; };
		D8F2D0CD1CC5B777003F8465 /* TourneyVC.m */ = {isa = PBXFileReference; fileEncoding = 4; lastKnownFileType = sourcecode.c.objc; path = TourneyVC.m; sourceTree = "<group>"; };
		D8F923C41CC820BE00469D5D /* Match+CoreDataProperties.h */ = {isa = PBXFileReference; fileEncoding = 4; lastKnownFileType = sourcecode.c.h; name = "Match+CoreDataProperties.h"; path = "../Match+CoreDataProperties.h"; sourceTree = "<group>"; };
		D8F923C51CC820BE00469D5D /* Match+CoreDataProperties.m */ = {isa = PBXFileReference; fileEncoding = 4; lastKnownFileType = sourcecode.c.objc; name = "Match+CoreDataProperties.m"; path = "../Match+CoreDataProperties.m"; sourceTree = "<group>"; };
		D8F923C61CC820BE00469D5D /* Match.h */ = {isa = PBXFileReference; fileEncoding = 4; lastKnownFileType = sourcecode.c.h; name = Match.h; path = ../Match.h; sourceTree = "<group>"; };
		D8F923C71CC820BE00469D5D /* Match.m */ = {isa = PBXFileReference; fileEncoding = 4; lastKnownFileType = sourcecode.c.objc; name = Match.m; path = ../Match.m; sourceTree = "<group>"; };
		D8F923C81CC820BE00469D5D /* Group+CoreDataProperties.h */ = {isa = PBXFileReference; fileEncoding = 4; lastKnownFileType = sourcecode.c.h; name = "Group+CoreDataProperties.h"; path = "../Group+CoreDataProperties.h"; sourceTree = "<group>"; };
		D8F923C91CC820BE00469D5D /* Group+CoreDataProperties.m */ = {isa = PBXFileReference; fileEncoding = 4; lastKnownFileType = sourcecode.c.objc; name = "Group+CoreDataProperties.m"; path = "../Group+CoreDataProperties.m"; sourceTree = "<group>"; };
		D8F923CC1CC820BE00469D5D /* Team+CoreDataProperties.h */ = {isa = PBXFileReference; fileEncoding = 4; lastKnownFileType = sourcecode.c.h; name = "Team+CoreDataProperties.h"; path = "../Team+CoreDataProperties.h"; sourceTree = "<group>"; };
		D8F923CD1CC820BE00469D5D /* Team+CoreDataProperties.m */ = {isa = PBXFileReference; fileEncoding = 4; lastKnownFileType = sourcecode.c.objc; name = "Team+CoreDataProperties.m"; path = "../Team+CoreDataProperties.m"; sourceTree = "<group>"; };
/* End PBXFileReference section */

/* Begin PBXFrameworksBuildPhase section */
		C2C5C0061CC564D70010133B /* Frameworks */ = {
			isa = PBXFrameworksBuildPhase;
			buildActionMask = 2147483647;
			files = (
			);
			runOnlyForDeploymentPostprocessing = 0;
		};
		C2C5C0221CC564D70010133B /* Frameworks */ = {
			isa = PBXFrameworksBuildPhase;
			buildActionMask = 2147483647;
			files = (
			);
			runOnlyForDeploymentPostprocessing = 0;
		};
		C2C5C02D1CC564D70010133B /* Frameworks */ = {
			isa = PBXFrameworksBuildPhase;
			buildActionMask = 2147483647;
			files = (
			);
			runOnlyForDeploymentPostprocessing = 0;
		};
/* End PBXFrameworksBuildPhase section */

/* Begin PBXGroup section */
		C2C5C0001CC564D70010133B = {
			isa = PBXGroup;
			children = (
				C2C5C00F1CC564D70010133B /* AppDelegate.h */,
				C2C5C0101CC564D70010133B /* AppDelegate.m */,
				C2C5C00B1CC564D70010133B /* CopaRAJ */,
				C2C5C0281CC564D70010133B /* CopaRAJTests */,
				C2C5C0331CC564D70010133B /* CopaRAJUITests */,
				C2C5C00A1CC564D70010133B /* Products */,
			);
			sourceTree = "<group>";
		};
		C2C5C00A1CC564D70010133B /* Products */ = {
			isa = PBXGroup;
			children = (
				C2C5C0091CC564D70010133B /* CopaRAJ.app */,
				C2C5C0251CC564D70010133B /* CopaRAJTests.xctest */,
				C2C5C0301CC564D70010133B /* CopaRAJUITests.xctest */,
			);
			name = Products;
			sourceTree = "<group>";
		};
		C2C5C00B1CC564D70010133B /* CopaRAJ */ = {
			isa = PBXGroup;
			children = (
				D82BF4F11CC5DD2000E80C51 /* Game Storyboard */,
				D82BF4F01CC5DCF700E80C51 /* Group Storyboard */,
				D82BF4EF1CC5DCE900E80C51 /* Tourny Storyboard */,
				D82BF4EE1CC5DCD500E80C51 /* Main Storyboard */,
				D8F2D0BC1CC593BD003F8465 /* Model */,
				D8F2D0BB1CC5939F003F8465 /* View */,
				D8F2D0BA1CC5937F003F8465 /* Controller */,
				C2C5C01B1CC564D70010133B /* Assets.xcassets */,
				C2C5C01D1CC564D70010133B /* LaunchScreen.storyboard */,
				C2C5C0201CC564D70010133B /* Info.plist */,
				C2C5C0181CC564D70010133B /* CopaRAJ.xcdatamodeld */,
				C2C5C00C1CC564D70010133B /* Supporting Files */,
			);
			path = CopaRAJ;
			sourceTree = "<group>";
		};
		C2C5C00C1CC564D70010133B /* Supporting Files */ = {
			isa = PBXGroup;
			children = (
				C2C5C00D1CC564D70010133B /* main.m */,
			);
			name = "Supporting Files";
			sourceTree = "<group>";
		};
		C2C5C0281CC564D70010133B /* CopaRAJTests */ = {
			isa = PBXGroup;
			children = (
				C2C5C0291CC564D70010133B /* CopaRAJTests.m */,
				C2C5C02B1CC564D70010133B /* Info.plist */,
			);
			path = CopaRAJTests;
			sourceTree = "<group>";
		};
		C2C5C0331CC564D70010133B /* CopaRAJUITests */ = {
			isa = PBXGroup;
			children = (
				C2C5C0341CC564D70010133B /* CopaRAJUITests.m */,
				C2C5C0361CC564D70010133B /* Info.plist */,
			);
			path = CopaRAJUITests;
			sourceTree = "<group>";
		};
		D82BF4EE1CC5DCD500E80C51 /* Main Storyboard */ = {
			isa = PBXGroup;
			children = (
				C2C5C0151CC564D70010133B /* Main.storyboard */,
			);
			name = "Main Storyboard";
			sourceTree = "<group>";
		};
		D82BF4EF1CC5DCE900E80C51 /* Tourny Storyboard */ = {
			isa = PBXGroup;
			children = (
				D82BF4EB1CC5DCC200E80C51 /* Tourny.storyboard */,
			);
			name = "Tourny Storyboard";
			sourceTree = "<group>";
		};
		D82BF4F01CC5DCF700E80C51 /* Group Storyboard */ = {
			isa = PBXGroup;
			children = (
				D82BF4E81CC5DC9000E80C51 /* Group.storyboard */,
			);
			name = "Group Storyboard";
			sourceTree = "<group>";
		};
		D82BF4F11CC5DD2000E80C51 /* Game Storyboard */ = {
			isa = PBXGroup;
			children = (
				D82BF4E61CC5DC2A00E80C51 /* Game.storyboard */,
			);
			name = "Game Storyboard";
			sourceTree = "<group>";
		};
		D8F2D0BA1CC5937F003F8465 /* Controller */ = {
			isa = PBXGroup;
			children = (
				D8F2D0B81CC5935C003F8465 /* HomeVC.m */,
				7BD056261CC7477000BCB113 /* HomeVC.h */,
				D8F2D0C31CC5B6F9003F8465 /* GroupVC.h */,
				D8F2D0C41CC5B6F9003F8465 /* GroupVC.m */,
				D8F2D0C91CC5B75F003F8465 /* GameVC.h */,
				D8F2D0CA1CC5B75F003F8465 /* GameVC.m */,
				D8F2D0CC1CC5B777003F8465 /* TourneyVC.h */,
				D8F2D0CD1CC5B777003F8465 /* TourneyVC.m */,
			);
			name = Controller;
			sourceTree = "<group>";
		};
		D8F2D0BB1CC5939F003F8465 /* View */ = {
			isa = PBXGroup;
			children = (
				D8F2D0BD1CC59537003F8465 /* HomeTableViewCell.h */,
				D8F2D0BE1CC59537003F8465 /* HomeTableViewCell.m */,
				D8F2D0C01CC5B50F003F8465 /* GroupTableViewCell.h */,
				D8F2D0C11CC5B50F003F8465 /* GroupTableViewCell.m */,
				C2C799FA1CC83B1A00D1BBBC /* BracketCell.h */,
				C2C799FB1CC83B1A00D1BBBC /* BracketCell.m */,
			);
			name = View;
			sourceTree = "<group>";
		};
		D8F2D0BC1CC593BD003F8465 /* Model */ = {
			isa = PBXGroup;
			children = (
				D8F923C41CC820BE00469D5D /* Match+CoreDataProperties.h */,
				D8F923C51CC820BE00469D5D /* Match+CoreDataProperties.m */,
				D8F923C61CC820BE00469D5D /* Match.h */,
				D8F923C71CC820BE00469D5D /* Match.m */,
				D8F923C81CC820BE00469D5D /* Group+CoreDataProperties.h */,
				D8F923C91CC820BE00469D5D /* Group+CoreDataProperties.m */,
				7BD0561E1CC73A9D00BCB113 /* Group.h */,
				7BD0561F1CC73A9D00BCB113 /* Group.m */,
				D8F923CC1CC820BE00469D5D /* Team+CoreDataProperties.h */,
				D8F923CD1CC820BE00469D5D /* Team+CoreDataProperties.m */,
				7BD056041CC70EA100BCB113 /* HomeVC.m */,
				7BD056091CC70EA100BCB113 /* Team.h */,
				7BD0560A1CC70EA100BCB113 /* Team.m */,
			);
			name = Model;
			sourceTree = "<group>";
		};
/* End PBXGroup section */

/* Begin PBXNativeTarget section */
		C2C5C0081CC564D70010133B /* CopaRAJ */ = {
			isa = PBXNativeTarget;
			buildConfigurationList = C2C5C0391CC564D70010133B /* Build configuration list for PBXNativeTarget "CopaRAJ" */;
			buildPhases = (
				C2C5C0051CC564D70010133B /* Sources */,
				C2C5C0061CC564D70010133B /* Frameworks */,
				C2C5C0071CC564D70010133B /* Resources */,
			);
			buildRules = (
			);
			dependencies = (
			);
			name = CopaRAJ;
			productName = CopaRAJ;
			productReference = C2C5C0091CC564D70010133B /* CopaRAJ.app */;
			productType = "com.apple.product-type.application";
		};
		C2C5C0241CC564D70010133B /* CopaRAJTests */ = {
			isa = PBXNativeTarget;
			buildConfigurationList = C2C5C03C1CC564D70010133B /* Build configuration list for PBXNativeTarget "CopaRAJTests" */;
			buildPhases = (
				C2C5C0211CC564D70010133B /* Sources */,
				C2C5C0221CC564D70010133B /* Frameworks */,
				C2C5C0231CC564D70010133B /* Resources */,
			);
			buildRules = (
			);
			dependencies = (
				C2C5C0271CC564D70010133B /* PBXTargetDependency */,
			);
			name = CopaRAJTests;
			productName = CopaRAJTests;
			productReference = C2C5C0251CC564D70010133B /* CopaRAJTests.xctest */;
			productType = "com.apple.product-type.bundle.unit-test";
		};
		C2C5C02F1CC564D70010133B /* CopaRAJUITests */ = {
			isa = PBXNativeTarget;
			buildConfigurationList = C2C5C03F1CC564D70010133B /* Build configuration list for PBXNativeTarget "CopaRAJUITests" */;
			buildPhases = (
				C2C5C02C1CC564D70010133B /* Sources */,
				C2C5C02D1CC564D70010133B /* Frameworks */,
				C2C5C02E1CC564D70010133B /* Resources */,
			);
			buildRules = (
			);
			dependencies = (
				C2C5C0321CC564D70010133B /* PBXTargetDependency */,
			);
			name = CopaRAJUITests;
			productName = CopaRAJUITests;
			productReference = C2C5C0301CC564D70010133B /* CopaRAJUITests.xctest */;
			productType = "com.apple.product-type.bundle.ui-testing";
		};
/* End PBXNativeTarget section */

/* Begin PBXProject section */
		C2C5C0011CC564D70010133B /* Project object */ = {
			isa = PBXProject;
			attributes = {
				LastUpgradeCheck = 0730;
				ORGANIZATIONNAME = "AR-T.com, Inc.";
				TargetAttributes = {
					C2C5C0081CC564D70010133B = {
						CreatedOnToolsVersion = 7.3;
					};
					C2C5C0241CC564D70010133B = {
						CreatedOnToolsVersion = 7.3;
						DevelopmentTeam = CD2SK749ZU;
						TestTargetID = C2C5C0081CC564D70010133B;
					};
					C2C5C02F1CC564D70010133B = {
						CreatedOnToolsVersion = 7.3;
						DevelopmentTeam = CD2SK749ZU;
						TestTargetID = C2C5C0081CC564D70010133B;
					};
				};
			};
			buildConfigurationList = C2C5C0041CC564D70010133B /* Build configuration list for PBXProject "CopaRAJ" */;
			compatibilityVersion = "Xcode 3.2";
			developmentRegion = English;
			hasScannedForEncodings = 0;
			knownRegions = (
				en,
				Base,
			);
			mainGroup = C2C5C0001CC564D70010133B;
			productRefGroup = C2C5C00A1CC564D70010133B /* Products */;
			projectDirPath = "";
			projectRoot = "";
			targets = (
				C2C5C0081CC564D70010133B /* CopaRAJ */,
				C2C5C0241CC564D70010133B /* CopaRAJTests */,
				C2C5C02F1CC564D70010133B /* CopaRAJUITests */,
			);
		};
/* End PBXProject section */

/* Begin PBXResourcesBuildPhase section */
		C2C5C0071CC564D70010133B /* Resources */ = {
			isa = PBXResourcesBuildPhase;
			buildActionMask = 2147483647;
			files = (
				D82BF4E71CC5DC2A00E80C51 /* Game.storyboard in Resources */,
				D82BF4ED1CC5DCC200E80C51 /* Tourny.storyboard in Resources */,
				C2C5C01F1CC564D70010133B /* LaunchScreen.storyboard in Resources */,
				C2C5C01C1CC564D70010133B /* Assets.xcassets in Resources */,
				C2C5C0171CC564D70010133B /* Main.storyboard in Resources */,
				D82BF4EA1CC5DC9000E80C51 /* Group.storyboard in Resources */,
			);
			runOnlyForDeploymentPostprocessing = 0;
		};
		C2C5C0231CC564D70010133B /* Resources */ = {
			isa = PBXResourcesBuildPhase;
			buildActionMask = 2147483647;
			files = (
			);
			runOnlyForDeploymentPostprocessing = 0;
		};
		C2C5C02E1CC564D70010133B /* Resources */ = {
			isa = PBXResourcesBuildPhase;
			buildActionMask = 2147483647;
			files = (
			);
			runOnlyForDeploymentPostprocessing = 0;
		};
/* End PBXResourcesBuildPhase section */

/* Begin PBXSourcesBuildPhase section */
		C2C5C0051CC564D70010133B /* Sources */ = {
			isa = PBXSourcesBuildPhase;
			buildActionMask = 2147483647;
			files = (
				C2C5C01A1CC564D70010133B /* CopaRAJ.xcdatamodeld in Sources */,
				D8F2D0B91CC5935C003F8465 /* HomeVC.m in Sources */,
				D8F923D21CC820BE00469D5D /* Team+CoreDataProperties.m in Sources */,
				D8F2D0CB1CC5B75F003F8465 /* GameVC.m in Sources */,
				C2C799FC1CC83B1A00D1BBBC /* BracketCell.m in Sources */,
				D8F2D0BF1CC59537003F8465 /* HomeTableViewCell.m in Sources */,
				7BD056251CC73A9D00BCB113 /* Group.m in Sources */,
				D8F923CF1CC820BE00469D5D /* Match.m in Sources */,
				D8F2D0C51CC5B6F9003F8465 /* GroupVC.m in Sources */,
				D8F2D0C21CC5B50F003F8465 /* GroupTableViewCell.m in Sources */,
				D8F923D01CC820BE00469D5D /* Group+CoreDataProperties.m in Sources */,
				C2C5C0111CC564D70010133B /* AppDelegate.m in Sources */,
				7BD056121CC70EA100BCB113 /* Team.m in Sources */,
				D8F2D0CE1CC5B777003F8465 /* TourneyVC.m in Sources */,
				D8F923CE1CC820BE00469D5D /* Match+CoreDataProperties.m in Sources */,
				C2C5C00E1CC564D70010133B /* main.m in Sources */,
			);
			runOnlyForDeploymentPostprocessing = 0;
		};
		C2C5C0211CC564D70010133B /* Sources */ = {
			isa = PBXSourcesBuildPhase;
			buildActionMask = 2147483647;
			files = (
				C2C5C02A1CC564D70010133B /* CopaRAJTests.m in Sources */,
			);
			runOnlyForDeploymentPostprocessing = 0;
		};
		C2C5C02C1CC564D70010133B /* Sources */ = {
			isa = PBXSourcesBuildPhase;
			buildActionMask = 2147483647;
			files = (
				C2C5C0351CC564D70010133B /* CopaRAJUITests.m in Sources */,
			);
			runOnlyForDeploymentPostprocessing = 0;
		};
/* End PBXSourcesBuildPhase section */

/* Begin PBXTargetDependency section */
		C2C5C0271CC564D70010133B /* PBXTargetDependency */ = {
			isa = PBXTargetDependency;
			target = C2C5C0081CC564D70010133B /* CopaRAJ */;
			targetProxy = C2C5C0261CC564D70010133B /* PBXContainerItemProxy */;
		};
		C2C5C0321CC564D70010133B /* PBXTargetDependency */ = {
			isa = PBXTargetDependency;
			target = C2C5C0081CC564D70010133B /* CopaRAJ */;
			targetProxy = C2C5C0311CC564D70010133B /* PBXContainerItemProxy */;
		};
/* End PBXTargetDependency section */

/* Begin PBXVariantGroup section */
		C2C5C0151CC564D70010133B /* Main.storyboard */ = {
			isa = PBXVariantGroup;
			children = (
				C2C5C0161CC564D70010133B /* Base */,
			);
			name = Main.storyboard;
			sourceTree = "<group>";
		};
		C2C5C01D1CC564D70010133B /* LaunchScreen.storyboard */ = {
			isa = PBXVariantGroup;
			children = (
				C2C5C01E1CC564D70010133B /* Base */,
			);
			name = LaunchScreen.storyboard;
			sourceTree = "<group>";
		};
		D82BF4E81CC5DC9000E80C51 /* Group.storyboard */ = {
			isa = PBXVariantGroup;
			children = (
				D82BF4E91CC5DC9000E80C51 /* Base */,
			);
			name = Group.storyboard;
			sourceTree = "<group>";
		};
		D82BF4EB1CC5DCC200E80C51 /* Tourny.storyboard */ = {
			isa = PBXVariantGroup;
			children = (
				D82BF4EC1CC5DCC200E80C51 /* Base */,
			);
			name = Tourny.storyboard;
			sourceTree = "<group>";
		};
/* End PBXVariantGroup section */

/* Begin XCBuildConfiguration section */
		C2C5C0371CC564D70010133B /* Debug */ = {
			isa = XCBuildConfiguration;
			buildSettings = {
				ALWAYS_SEARCH_USER_PATHS = NO;
				CLANG_ANALYZER_NONNULL = YES;
				CLANG_CXX_LANGUAGE_STANDARD = "gnu++0x";
				CLANG_CXX_LIBRARY = "libc++";
				CLANG_ENABLE_MODULES = YES;
				CLANG_ENABLE_OBJC_ARC = YES;
				CLANG_WARN_BOOL_CONVERSION = YES;
				CLANG_WARN_CONSTANT_CONVERSION = YES;
				CLANG_WARN_DIRECT_OBJC_ISA_USAGE = YES_ERROR;
				CLANG_WARN_EMPTY_BODY = YES;
				CLANG_WARN_ENUM_CONVERSION = YES;
				CLANG_WARN_INT_CONVERSION = YES;
				CLANG_WARN_OBJC_ROOT_CLASS = YES_ERROR;
				CLANG_WARN_UNREACHABLE_CODE = YES;
				CLANG_WARN__DUPLICATE_METHOD_MATCH = YES;
				"CODE_SIGN_IDENTITY[sdk=iphoneos*]" = "iPhone Developer";
				COPY_PHASE_STRIP = NO;
				DEBUG_INFORMATION_FORMAT = dwarf;
				ENABLE_STRICT_OBJC_MSGSEND = YES;
				ENABLE_TESTABILITY = YES;
				GCC_C_LANGUAGE_STANDARD = gnu99;
				GCC_DYNAMIC_NO_PIC = NO;
				GCC_NO_COMMON_BLOCKS = YES;
				GCC_OPTIMIZATION_LEVEL = 0;
				GCC_PREPROCESSOR_DEFINITIONS = (
					"DEBUG=1",
					"$(inherited)",
				);
				GCC_WARN_64_TO_32_BIT_CONVERSION = YES;
				GCC_WARN_ABOUT_RETURN_TYPE = YES_ERROR;
				GCC_WARN_UNDECLARED_SELECTOR = YES;
				GCC_WARN_UNINITIALIZED_AUTOS = YES_AGGRESSIVE;
				GCC_WARN_UNUSED_FUNCTION = YES;
				GCC_WARN_UNUSED_VARIABLE = YES;
				IPHONEOS_DEPLOYMENT_TARGET = 9.3;
				MTL_ENABLE_DEBUG_INFO = YES;
				ONLY_ACTIVE_ARCH = YES;
				SDKROOT = iphoneos;
			};
			name = Debug;
		};
		C2C5C0381CC564D70010133B /* Release */ = {
			isa = XCBuildConfiguration;
			buildSettings = {
				ALWAYS_SEARCH_USER_PATHS = NO;
				CLANG_ANALYZER_NONNULL = YES;
				CLANG_CXX_LANGUAGE_STANDARD = "gnu++0x";
				CLANG_CXX_LIBRARY = "libc++";
				CLANG_ENABLE_MODULES = YES;
				CLANG_ENABLE_OBJC_ARC = YES;
				CLANG_WARN_BOOL_CONVERSION = YES;
				CLANG_WARN_CONSTANT_CONVERSION = YES;
				CLANG_WARN_DIRECT_OBJC_ISA_USAGE = YES_ERROR;
				CLANG_WARN_EMPTY_BODY = YES;
				CLANG_WARN_ENUM_CONVERSION = YES;
				CLANG_WARN_INT_CONVERSION = YES;
				CLANG_WARN_OBJC_ROOT_CLASS = YES_ERROR;
				CLANG_WARN_UNREACHABLE_CODE = YES;
				CLANG_WARN__DUPLICATE_METHOD_MATCH = YES;
				"CODE_SIGN_IDENTITY[sdk=iphoneos*]" = "iPhone Developer";
				COPY_PHASE_STRIP = NO;
				DEBUG_INFORMATION_FORMAT = "dwarf-with-dsym";
				ENABLE_NS_ASSERTIONS = NO;
				ENABLE_STRICT_OBJC_MSGSEND = YES;
				GCC_C_LANGUAGE_STANDARD = gnu99;
				GCC_NO_COMMON_BLOCKS = YES;
				GCC_WARN_64_TO_32_BIT_CONVERSION = YES;
				GCC_WARN_ABOUT_RETURN_TYPE = YES_ERROR;
				GCC_WARN_UNDECLARED_SELECTOR = YES;
				GCC_WARN_UNINITIALIZED_AUTOS = YES_AGGRESSIVE;
				GCC_WARN_UNUSED_FUNCTION = YES;
				GCC_WARN_UNUSED_VARIABLE = YES;
				IPHONEOS_DEPLOYMENT_TARGET = 9.3;
				MTL_ENABLE_DEBUG_INFO = NO;
				SDKROOT = iphoneos;
				VALIDATE_PRODUCT = YES;
			};
			name = Release;
		};
		C2C5C03A1CC564D70010133B /* Debug */ = {
			isa = XCBuildConfiguration;
			buildSettings = {
				ASSETCATALOG_COMPILER_APPICON_NAME = AppIcon;
				CODE_SIGN_IDENTITY = "iPhone Developer";
				"CODE_SIGN_IDENTITY[sdk=iphoneos*]" = "iPhone Developer";
				INFOPLIST_FILE = CopaRAJ/Info.plist;
				IPHONEOS_DEPLOYMENT_TARGET = 9.2;
				LD_RUNPATH_SEARCH_PATHS = "$(inherited) @executable_path/Frameworks";
				PRODUCT_BUNDLE_IDENTIFIER = "com.AR-T.CopaRAJ";
				PRODUCT_NAME = "$(TARGET_NAME)";
				PROVISIONING_PROFILE = "";
			};
			name = Debug;
		};
		C2C5C03B1CC564D70010133B /* Release */ = {
			isa = XCBuildConfiguration;
			buildSettings = {
				ASSETCATALOG_COMPILER_APPICON_NAME = AppIcon;
				CODE_SIGN_IDENTITY = "iPhone Developer";
				"CODE_SIGN_IDENTITY[sdk=iphoneos*]" = "iPhone Developer";
				INFOPLIST_FILE = CopaRAJ/Info.plist;
				IPHONEOS_DEPLOYMENT_TARGET = 9.2;
				LD_RUNPATH_SEARCH_PATHS = "$(inherited) @executable_path/Frameworks";
				PRODUCT_BUNDLE_IDENTIFIER = "com.AR-T.CopaRAJ";
				PRODUCT_NAME = "$(TARGET_NAME)";
				PROVISIONING_PROFILE = "";
			};
			name = Release;
		};
		C2C5C03D1CC564D70010133B /* Debug */ = {
			isa = XCBuildConfiguration;
			buildSettings = {
				BUNDLE_LOADER = "$(TEST_HOST)";
				INFOPLIST_FILE = CopaRAJTests/Info.plist;
				LD_RUNPATH_SEARCH_PATHS = "$(inherited) @executable_path/Frameworks @loader_path/Frameworks";
				PRODUCT_BUNDLE_IDENTIFIER = "com.AR-T.CopaRAJTests";
				PRODUCT_NAME = "$(TARGET_NAME)";
				TEST_HOST = "$(BUILT_PRODUCTS_DIR)/CopaRAJ.app/CopaRAJ";
			};
			name = Debug;
		};
		C2C5C03E1CC564D70010133B /* Release */ = {
			isa = XCBuildConfiguration;
			buildSettings = {
				BUNDLE_LOADER = "$(TEST_HOST)";
				INFOPLIST_FILE = CopaRAJTests/Info.plist;
				LD_RUNPATH_SEARCH_PATHS = "$(inherited) @executable_path/Frameworks @loader_path/Frameworks";
				PRODUCT_BUNDLE_IDENTIFIER = "com.AR-T.CopaRAJTests";
				PRODUCT_NAME = "$(TARGET_NAME)";
				TEST_HOST = "$(BUILT_PRODUCTS_DIR)/CopaRAJ.app/CopaRAJ";
			};
			name = Release;
		};
		C2C5C0401CC564D70010133B /* Debug */ = {
			isa = XCBuildConfiguration;
			buildSettings = {
				INFOPLIST_FILE = CopaRAJUITests/Info.plist;
				LD_RUNPATH_SEARCH_PATHS = "$(inherited) @executable_path/Frameworks @loader_path/Frameworks";
				PRODUCT_BUNDLE_IDENTIFIER = "com.AR-T.CopaRAJUITests";
				PRODUCT_NAME = "$(TARGET_NAME)";
				TEST_TARGET_NAME = CopaRAJ;
			};
			name = Debug;
		};
		C2C5C0411CC564D70010133B /* Release */ = {
			isa = XCBuildConfiguration;
			buildSettings = {
				INFOPLIST_FILE = CopaRAJUITests/Info.plist;
				LD_RUNPATH_SEARCH_PATHS = "$(inherited) @executable_path/Frameworks @loader_path/Frameworks";
				PRODUCT_BUNDLE_IDENTIFIER = "com.AR-T.CopaRAJUITests";
				PRODUCT_NAME = "$(TARGET_NAME)";
				TEST_TARGET_NAME = CopaRAJ;
			};
			name = Release;
		};
/* End XCBuildConfiguration section */

/* Begin XCConfigurationList section */
		C2C5C0041CC564D70010133B /* Build configuration list for PBXProject "CopaRAJ" */ = {
			isa = XCConfigurationList;
			buildConfigurations = (
				C2C5C0371CC564D70010133B /* Debug */,
				C2C5C0381CC564D70010133B /* Release */,
			);
			defaultConfigurationIsVisible = 0;
			defaultConfigurationName = Release;
		};
		C2C5C0391CC564D70010133B /* Build configuration list for PBXNativeTarget "CopaRAJ" */ = {
			isa = XCConfigurationList;
			buildConfigurations = (
				C2C5C03A1CC564D70010133B /* Debug */,
				C2C5C03B1CC564D70010133B /* Release */,
			);
			defaultConfigurationIsVisible = 0;
			defaultConfigurationName = Release;
		};
		C2C5C03C1CC564D70010133B /* Build configuration list for PBXNativeTarget "CopaRAJTests" */ = {
			isa = XCConfigurationList;
			buildConfigurations = (
				C2C5C03D1CC564D70010133B /* Debug */,
				C2C5C03E1CC564D70010133B /* Release */,
			);
			defaultConfigurationIsVisible = 0;
			defaultConfigurationName = Release;
		};
		C2C5C03F1CC564D70010133B /* Build configuration list for PBXNativeTarget "CopaRAJUITests" */ = {
			isa = XCConfigurationList;
			buildConfigurations = (
				C2C5C0401CC564D70010133B /* Debug */,
				C2C5C0411CC564D70010133B /* Release */,
			);
			defaultConfigurationIsVisible = 0;
			defaultConfigurationName = Release;
		};
/* End XCConfigurationList section */

/* Begin XCVersionGroup section */
		C2C5C0181CC564D70010133B /* CopaRAJ.xcdatamodeld */ = {
			isa = XCVersionGroup;
			children = (
				C2C5C0191CC564D70010133B /* CopaRAJ.xcdatamodel */,
			);
			currentVersion = C2C5C0191CC564D70010133B /* CopaRAJ.xcdatamodel */;
			path = CopaRAJ.xcdatamodeld;
			sourceTree = "<group>";
			versionGroupType = wrapper.xcdatamodel;
		};
/* End XCVersionGroup section */
	};
	rootObject = C2C5C0011CC564D70010133B /* Project object */;
}
