// !$*UTF8*$!
{
	archiveVersion = 1;
	classes = {
	};
	objectVersion = 46;
	objects = {

/* Begin PBXBuildFile section */
		032AA656B2380D13CB362567 /* libPods.a in Frameworks */ = {isa = PBXBuildFile; fileRef = 6DBA652AE4BAFEBB5DF68D04 /* libPods.a */; };
		7B1FF1D51CD0152700B031B0 /* Match+CoreDataProperties.m in Sources */ = {isa = PBXBuildFile; fileRef = 7B1FF1CF1CD0152700B031B0 /* Match+CoreDataProperties.m */; };
		7B1FF1D61CD0152700B031B0 /* Match.m in Sources */ = {isa = PBXBuildFile; fileRef = 7B1FF1D11CD0152700B031B0 /* Match.m */; };
		7B1FF1DB1CD0218500B031B0 /* billabong.ttf in Resources */ = {isa = PBXBuildFile; fileRef = 7B1FF1D81CD020E800B031B0 /* billabong.ttf */; };
		7B1FF1DC1CD0218500B031B0 /* Gotham Narrow Book.otf in Resources */ = {isa = PBXBuildFile; fileRef = 7B1FF1D91CD020E800B031B0 /* Gotham Narrow Book.otf */; };
		7B1FF1DD1CD0218500B031B0 /* GOTHAM-MEDIUM.TTF in Resources */ = {isa = PBXBuildFile; fileRef = 7B1FF1DA1CD020E800B031B0 /* GOTHAM-MEDIUM.TTF */; };
		7B3DB4341CD1DFA200EB00D3 /* HomeVC.m in Sources */ = {isa = PBXBuildFile; fileRef = 7B3DB4331CD1DFA200EB00D3 /* HomeVC.m */; };
		7B3DB4351CD1E01900EB00D3 /* FBGroup.m in Sources */ = {isa = PBXBuildFile; fileRef = D8AB66631CCECF9900B5C8FE /* FBGroup.m */; };
		7B84DCF91CC8421F0021524F /* Group+CoreDataProperties.m in Sources */ = {isa = PBXBuildFile; fileRef = 7B84DCF41CC8421F0021524F /* Group+CoreDataProperties.m */; };
		7B84DCFB1CC8421F0021524F /* Team+CoreDataProperties.m in Sources */ = {isa = PBXBuildFile; fileRef = 7B84DCF81CC8421F0021524F /* Team+CoreDataProperties.m */; };
		7BC9FFA31CDB30F500711636 /* Localizable.strings in Resources */ = {isa = PBXBuildFile; fileRef = 7BC9FF961CDB30F500711636 /* Localizable.strings */; };
		7BC9FFA41CDB30F500711636 /* Group.strings in Resources */ = {isa = PBXBuildFile; fileRef = 7BC9FF991CDB30F500711636 /* Group.strings */; };
		7BC9FFA51CDB30F500711636 /* LaunchScreen.strings in Resources */ = {isa = PBXBuildFile; fileRef = 7BC9FF9B1CDB30F500711636 /* LaunchScreen.strings */; };
		7BC9FFA61CDB30F500711636 /* Localizable.strings in Resources */ = {isa = PBXBuildFile; fileRef = 7BC9FF9D1CDB30F500711636 /* Localizable.strings */; };
		7BC9FFA71CDB30F500711636 /* Main.strings in Resources */ = {isa = PBXBuildFile; fileRef = 7BC9FF9F1CDB30F500711636 /* Main.strings */; };
		7BC9FFA81CDB30F500711636 /* Tourny.strings in Resources */ = {isa = PBXBuildFile; fileRef = 7BC9FFA11CDB30F500711636 /* Tourny.strings */; };
		7BD056121CC70EA100BCB113 /* Team.m in Sources */ = {isa = PBXBuildFile; fileRef = 7BD0560A1CC70EA100BCB113 /* Team.m */; };
		7BD056251CC73A9D00BCB113 /* Group.m in Sources */ = {isa = PBXBuildFile; fileRef = 7BD0561F1CC73A9D00BCB113 /* Group.m */; };
		7BD870B71CCA7F880020C125 /* playOffMatches.plist in Resources */ = {isa = PBXBuildFile; fileRef = 7BD870B61CCA7F880020C125 /* playOffMatches.plist */; };
		C20EB5C21CE67E10000E36B7 /* ChallengeLogInVC.swift in Sources */ = {isa = PBXBuildFile; fileRef = C20EB5C11CE67E10000E36B7 /* ChallengeLogInVC.swift */; };
		C20EB5C61CE6923D000E36B7 /* User.swift in Sources */ = {isa = PBXBuildFile; fileRef = C20EB5C51CE6923D000E36B7 /* User.swift */; };
		C24140571CEB0D9C00ECBF6F /* FBSDKCoreKit.framework in Frameworks */ = {isa = PBXBuildFile; fileRef = C24140561CEB0D9C00ECBF6F /* FBSDKCoreKit.framework */; };
		C24140591CEB0DA400ECBF6F /* FBSDKLoginKit.framework in Frameworks */ = {isa = PBXBuildFile; fileRef = C24140581CEB0DA400ECBF6F /* FBSDKLoginKit.framework */; };
		C244BEFA1CE7E9E500C4371D /* GroupHomeVC.swift in Sources */ = {isa = PBXBuildFile; fileRef = C244BEF91CE7E9E500C4371D /* GroupHomeVC.swift */; };
		C244BEFD1CE80F5B00C4371D /* DataService.swift in Sources */ = {isa = PBXBuildFile; fileRef = C244BEFC1CE80F5B00C4371D /* DataService.swift */; };
		C290DDFF1CD5FA18002FB7B6 /* EventCell.m in Sources */ = {isa = PBXBuildFile; fileRef = C290DDFE1CD5FA18002FB7B6 /* EventCell.m */; };
		C2A09F3B1CE94DA500268544 /* CreateAccountVC.swift in Sources */ = {isa = PBXBuildFile; fileRef = C2A09F3A1CE94DA500268544 /* CreateAccountVC.swift */; };
		C2C5C00E1CC564D70010133B /* main.m in Sources */ = {isa = PBXBuildFile; fileRef = C2C5C00D1CC564D70010133B /* main.m */; };
		C2C5C0111CC564D70010133B /* AppDelegate.m in Sources */ = {isa = PBXBuildFile; fileRef = C2C5C0101CC564D70010133B /* AppDelegate.m */; };
		C2C5C0171CC564D70010133B /* Main.storyboard in Resources */ = {isa = PBXBuildFile; fileRef = C2C5C0151CC564D70010133B /* Main.storyboard */; };
		C2C5C01A1CC564D70010133B /* CopaRAJ.xcdatamodeld in Sources */ = {isa = PBXBuildFile; fileRef = C2C5C0181CC564D70010133B /* CopaRAJ.xcdatamodeld */; };
		C2C5C01C1CC564D70010133B /* Assets.xcassets in Resources */ = {isa = PBXBuildFile; fileRef = C2C5C01B1CC564D70010133B /* Assets.xcassets */; };
		C2C5C01F1CC564D70010133B /* LaunchScreen.storyboard in Resources */ = {isa = PBXBuildFile; fileRef = C2C5C01D1CC564D70010133B /* LaunchScreen.storyboard */; };
		C2C5C02A1CC564D70010133B /* CopaRAJTests.m in Sources */ = {isa = PBXBuildFile; fileRef = C2C5C0291CC564D70010133B /* CopaRAJTests.m */; };
		C2C5C0351CC564D70010133B /* CopaRAJUITests.m in Sources */ = {isa = PBXBuildFile; fileRef = C2C5C0341CC564D70010133B /* CopaRAJUITests.m */; };
		C2C799FC1CC83B1A00D1BBBC /* BracketCell.m in Sources */ = {isa = PBXBuildFile; fileRef = C2C799FB1CC83B1A00D1BBBC /* BracketCell.m */; };
		C2F6D1B11CE515DB005F01FD /* Challenge.storyboard in Resources */ = {isa = PBXBuildFile; fileRef = C2F6D1B01CE515DB005F01FD /* Challenge.storyboard */; };
		D82BF4E71CC5DC2A00E80C51 /* Game.storyboard in Resources */ = {isa = PBXBuildFile; fileRef = D82BF4E61CC5DC2A00E80C51 /* Game.storyboard */; };
		D82BF4EA1CC5DC9000E80C51 /* Group.storyboard in Resources */ = {isa = PBXBuildFile; fileRef = D82BF4E81CC5DC9000E80C51 /* Group.storyboard */; };
		D82BF4ED1CC5DCC200E80C51 /* Tourny.storyboard in Resources */ = {isa = PBXBuildFile; fileRef = D82BF4EB1CC5DCC200E80C51 /* Tourny.storyboard */; };
		D82E42641CE52097004812FF /* GroupHome.storyboard in Resources */ = {isa = PBXBuildFile; fileRef = D82E42631CE52096004812FF /* GroupHome.storyboard */; };
		D82E42691CE52175004812FF /* PickGroup.storyboard in Resources */ = {isa = PBXBuildFile; fileRef = D82E42681CE52175004812FF /* PickGroup.storyboard */; };
		D82E426B1CE521B6004812FF /* BracketFinalize.storyboard in Resources */ = {isa = PBXBuildFile; fileRef = D82E426A1CE521B6004812FF /* BracketFinalize.storyboard */; };
		D82E426D1CE521F7004812FF /* GroupDetails.storyboard in Resources */ = {isa = PBXBuildFile; fileRef = D82E426C1CE521F7004812FF /* GroupDetails.storyboard */; };
		D82E426F1CE5220E004812FF /* PickDetails.storyboard in Resources */ = {isa = PBXBuildFile; fileRef = D82E426E1CE5220E004812FF /* PickDetails.storyboard */; };
		D82E42711CE5683E004812FF /* CreateGroupVC.swift in Sources */ = {isa = PBXBuildFile; fileRef = D82E42701CE5683E004812FF /* CreateGroupVC.swift */; };
		D82E428A1CE581E0004812FF /* ChallengeGroup.swift in Sources */ = {isa = PBXBuildFile; fileRef = D82E42891CE581E0004812FF /* ChallengeGroup.swift */; };
		D8594CA21CE66DD1008965F0 /* CreateGroup.storyboard in Resources */ = {isa = PBXBuildFile; fileRef = D8594CA11CE66DD1008965F0 /* CreateGroup.storyboard */; };
		D8AB66671CCED12100B5C8FE /* FBMatch.m in Sources */ = {isa = PBXBuildFile; fileRef = D8AB66661CCED12100B5C8FE /* FBMatch.m */; };
		D8F2D0BF1CC59537003F8465 /* HomeTableViewCell.m in Sources */ = {isa = PBXBuildFile; fileRef = D8F2D0BE1CC59537003F8465 /* HomeTableViewCell.m */; };
		D8F2D0C21CC5B50F003F8465 /* GroupTableViewCell.m in Sources */ = {isa = PBXBuildFile; fileRef = D8F2D0C11CC5B50F003F8465 /* GroupTableViewCell.m */; };
		D8F2D0C51CC5B6F9003F8465 /* GroupVC.m in Sources */ = {isa = PBXBuildFile; fileRef = D8F2D0C41CC5B6F9003F8465 /* GroupVC.m */; };
		D8F2D0CB1CC5B75F003F8465 /* GameVC.m in Sources */ = {isa = PBXBuildFile; fileRef = D8F2D0CA1CC5B75F003F8465 /* GameVC.m */; };
		D8F2D0CE1CC5B777003F8465 /* TourneyVC.m in Sources */ = {isa = PBXBuildFile; fileRef = D8F2D0CD1CC5B777003F8465 /* TourneyVC.m */; };
/* End PBXBuildFile section */

/* Begin PBXContainerItemProxy section */
		C2C5C0261CC564D70010133B /* PBXContainerItemProxy */ = {
			isa = PBXContainerItemProxy;
			containerPortal = C2C5C0011CC564D70010133B /* Project object */;
			proxyType = 1;
			remoteGlobalIDString = C2C5C0081CC564D70010133B;
			remoteInfo = CopaRAJ;
		};
		C2C5C0311CC564D70010133B /* PBXContainerItemProxy */ = {
			isa = PBXContainerItemProxy;
			containerPortal = C2C5C0011CC564D70010133B /* Project object */;
			proxyType = 1;
			remoteGlobalIDString = C2C5C0081CC564D70010133B;
			remoteInfo = CopaRAJ;
		};
/* End PBXContainerItemProxy section */

/* Begin PBXFileReference section */
		6DBA652AE4BAFEBB5DF68D04 /* libPods.a */ = {isa = PBXFileReference; explicitFileType = archive.ar; includeInIndex = 0; path = libPods.a; sourceTree = BUILT_PRODUCTS_DIR; };
		6E4AA48983C0140B5AE4CBC8 /* Pods.debug.xcconfig */ = {isa = PBXFileReference; includeInIndex = 1; lastKnownFileType = text.xcconfig; name = Pods.debug.xcconfig; path = "Pods/Target Support Files/Pods/Pods.debug.xcconfig"; sourceTree = "<group>"; };
		7B1FF1CE1CD0152700B031B0 /* Match+CoreDataProperties.h */ = {isa = PBXFileReference; fileEncoding = 4; lastKnownFileType = sourcecode.c.h; path = "Match+CoreDataProperties.h"; sourceTree = "<group>"; };
		7B1FF1CF1CD0152700B031B0 /* Match+CoreDataProperties.m */ = {isa = PBXFileReference; fileEncoding = 4; lastKnownFileType = sourcecode.c.objc; path = "Match+CoreDataProperties.m"; sourceTree = "<group>"; };
		7B1FF1D01CD0152700B031B0 /* Match.h */ = {isa = PBXFileReference; fileEncoding = 4; lastKnownFileType = sourcecode.c.h; path = Match.h; sourceTree = "<group>"; };
		7B1FF1D11CD0152700B031B0 /* Match.m */ = {isa = PBXFileReference; fileEncoding = 4; lastKnownFileType = sourcecode.c.objc; path = Match.m; sourceTree = "<group>"; };
		7B1FF1D81CD020E800B031B0 /* billabong.ttf */ = {isa = PBXFileReference; lastKnownFileType = file; path = billabong.ttf; sourceTree = "<group>"; };
		7B1FF1D91CD020E800B031B0 /* Gotham Narrow Book.otf */ = {isa = PBXFileReference; lastKnownFileType = file; path = "Gotham Narrow Book.otf"; sourceTree = "<group>"; };
		7B1FF1DA1CD020E800B031B0 /* GOTHAM-MEDIUM.TTF */ = {isa = PBXFileReference; lastKnownFileType = file; path = "GOTHAM-MEDIUM.TTF"; sourceTree = "<group>"; };
		7B3DB4331CD1DFA200EB00D3 /* HomeVC.m */ = {isa = PBXFileReference; fileEncoding = 4; lastKnownFileType = sourcecode.c.objc; path = HomeVC.m; sourceTree = "<group>"; };
		7B84DCF31CC8421F0021524F /* Group+CoreDataProperties.h */ = {isa = PBXFileReference; fileEncoding = 4; lastKnownFileType = sourcecode.c.h; name = "Group+CoreDataProperties.h"; path = "../Group+CoreDataProperties.h"; sourceTree = "<group>"; };
		7B84DCF41CC8421F0021524F /* Group+CoreDataProperties.m */ = {isa = PBXFileReference; fileEncoding = 4; lastKnownFileType = sourcecode.c.objc; name = "Group+CoreDataProperties.m"; path = "../Group+CoreDataProperties.m"; sourceTree = "<group>"; };
		7B84DCF71CC8421F0021524F /* Team+CoreDataProperties.h */ = {isa = PBXFileReference; fileEncoding = 4; lastKnownFileType = sourcecode.c.h; name = "Team+CoreDataProperties.h"; path = "../Team+CoreDataProperties.h"; sourceTree = "<group>"; };
		7B84DCF81CC8421F0021524F /* Team+CoreDataProperties.m */ = {isa = PBXFileReference; fileEncoding = 4; lastKnownFileType = sourcecode.c.objc; name = "Team+CoreDataProperties.m"; path = "../Team+CoreDataProperties.m"; sourceTree = "<group>"; };
		7BC9FF971CDB30F500711636 /* en */ = {isa = PBXFileReference; lastKnownFileType = text.plist.strings; name = en; path = Localizable.strings; sourceTree = "<group>"; };
		7BC9FF9A1CDB30F500711636 /* es */ = {isa = PBXFileReference; lastKnownFileType = text.plist.strings; name = es; path = Group.strings; sourceTree = "<group>"; };
		7BC9FF9C1CDB30F500711636 /* es */ = {isa = PBXFileReference; lastKnownFileType = text.plist.strings; name = es; path = LaunchScreen.strings; sourceTree = "<group>"; };
		7BC9FF9E1CDB30F500711636 /* es */ = {isa = PBXFileReference; lastKnownFileType = text.plist.strings; name = es; path = Localizable.strings; sourceTree = "<group>"; };
		7BC9FFA01CDB30F500711636 /* es */ = {isa = PBXFileReference; lastKnownFileType = text.plist.strings; name = es; path = Main.strings; sourceTree = "<group>"; };
		7BC9FFA21CDB30F500711636 /* es */ = {isa = PBXFileReference; lastKnownFileType = text.plist.strings; name = es; path = Tourny.strings; sourceTree = "<group>"; };
		7BD056091CC70EA100BCB113 /* Team.h */ = {isa = PBXFileReference; fileEncoding = 4; lastKnownFileType = sourcecode.c.h; path = Team.h; sourceTree = SOURCE_ROOT; };
		7BD0560A1CC70EA100BCB113 /* Team.m */ = {isa = PBXFileReference; fileEncoding = 4; lastKnownFileType = sourcecode.c.objc; path = Team.m; sourceTree = SOURCE_ROOT; };
		7BD0561E1CC73A9D00BCB113 /* Group.h */ = {isa = PBXFileReference; fileEncoding = 4; lastKnownFileType = sourcecode.c.h; path = Group.h; sourceTree = "<group>"; };
		7BD0561F1CC73A9D00BCB113 /* Group.m */ = {isa = PBXFileReference; fileEncoding = 4; lastKnownFileType = sourcecode.c.objc; path = Group.m; sourceTree = "<group>"; };
		7BD056261CC7477000BCB113 /* HomeVC.h */ = {isa = PBXFileReference; fileEncoding = 4; lastKnownFileType = sourcecode.c.h; path = HomeVC.h; sourceTree = "<group>"; };
		7BD870B61CCA7F880020C125 /* playOffMatches.plist */ = {isa = PBXFileReference; fileEncoding = 4; lastKnownFileType = text.plist.xml; path = playOffMatches.plist; sourceTree = "<group>"; };
		920CE7D93A55FCC98810244D /* Pods.release.xcconfig */ = {isa = PBXFileReference; includeInIndex = 1; lastKnownFileType = text.xcconfig; name = Pods.release.xcconfig; path = "Pods/Target Support Files/Pods/Pods.release.xcconfig"; sourceTree = "<group>"; };
		C20EB5C11CE67E10000E36B7 /* ChallengeLogInVC.swift */ = {isa = PBXFileReference; fileEncoding = 4; lastKnownFileType = sourcecode.swift; path = ChallengeLogInVC.swift; sourceTree = "<group>"; };
		C20EB5C51CE6923D000E36B7 /* User.swift */ = {isa = PBXFileReference; fileEncoding = 4; lastKnownFileType = sourcecode.swift; path = User.swift; sourceTree = "<group>"; };
		C24140561CEB0D9C00ECBF6F /* FBSDKCoreKit.framework */ = {isa = PBXFileReference; lastKnownFileType = wrapper.framework; name = FBSDKCoreKit.framework; path = FacebookSDK/FBSDKCoreKit.framework; sourceTree = "<group>"; };
		C24140581CEB0DA400ECBF6F /* FBSDKLoginKit.framework */ = {isa = PBXFileReference; lastKnownFileType = wrapper.framework; name = FBSDKLoginKit.framework; path = FacebookSDK/FBSDKLoginKit.framework; sourceTree = "<group>"; };
		C244BEF91CE7E9E500C4371D /* GroupHomeVC.swift */ = {isa = PBXFileReference; fileEncoding = 4; lastKnownFileType = sourcecode.swift; path = GroupHomeVC.swift; sourceTree = "<group>"; };
		C244BEFC1CE80F5B00C4371D /* DataService.swift */ = {isa = PBXFileReference; fileEncoding = 4; lastKnownFileType = sourcecode.swift; path = DataService.swift; sourceTree = "<group>"; };
		C290DDFD1CD5FA18002FB7B6 /* EventCell.h */ = {isa = PBXFileReference; fileEncoding = 4; lastKnownFileType = sourcecode.c.h; path = EventCell.h; sourceTree = "<group>"; };
		C290DDFE1CD5FA18002FB7B6 /* EventCell.m */ = {isa = PBXFileReference; fileEncoding = 4; lastKnownFileType = sourcecode.c.objc; path = EventCell.m; sourceTree = "<group>"; };
		C2A09F3A1CE94DA500268544 /* CreateAccountVC.swift */ = {isa = PBXFileReference; fileEncoding = 4; lastKnownFileType = sourcecode.swift; path = CreateAccountVC.swift; sourceTree = "<group>"; };
		C2C5C0091CC564D70010133B /* CopaRAJ.app */ = {isa = PBXFileReference; explicitFileType = wrapper.application; includeInIndex = 0; path = CopaRAJ.app; sourceTree = BUILT_PRODUCTS_DIR; };
		C2C5C00D1CC564D70010133B /* main.m */ = {isa = PBXFileReference; lastKnownFileType = sourcecode.c.objc; path = main.m; sourceTree = "<group>"; };
		C2C5C00F1CC564D70010133B /* AppDelegate.h */ = {isa = PBXFileReference; lastKnownFileType = sourcecode.c.h; name = AppDelegate.h; path = CopaRAJ/AppDelegate.h; sourceTree = "<group>"; };
		C2C5C0101CC564D70010133B /* AppDelegate.m */ = {isa = PBXFileReference; lastKnownFileType = sourcecode.c.objc; name = AppDelegate.m; path = CopaRAJ/AppDelegate.m; sourceTree = "<group>"; };
		C2C5C0161CC564D70010133B /* Base */ = {isa = PBXFileReference; lastKnownFileType = file.storyboard; name = Base; path = Base.lproj/Main.storyboard; sourceTree = "<group>"; };
		C2C5C0191CC564D70010133B /* CopaRAJ.xcdatamodel */ = {isa = PBXFileReference; lastKnownFileType = wrapper.xcdatamodel; path = CopaRAJ.xcdatamodel; sourceTree = "<group>"; };
		C2C5C01B1CC564D70010133B /* Assets.xcassets */ = {isa = PBXFileReference; lastKnownFileType = folder.assetcatalog; path = Assets.xcassets; sourceTree = "<group>"; };
		C2C5C01E1CC564D70010133B /* Base */ = {isa = PBXFileReference; lastKnownFileType = file.storyboard; name = Base; path = Base.lproj/LaunchScreen.storyboard; sourceTree = "<group>"; };
		C2C5C0201CC564D70010133B /* Info.plist */ = {isa = PBXFileReference; lastKnownFileType = text.plist.xml; path = Info.plist; sourceTree = "<group>"; };
		C2C5C0251CC564D70010133B /* CopaRAJTests.xctest */ = {isa = PBXFileReference; explicitFileType = wrapper.cfbundle; includeInIndex = 0; path = CopaRAJTests.xctest; sourceTree = BUILT_PRODUCTS_DIR; };
		C2C5C0291CC564D70010133B /* CopaRAJTests.m */ = {isa = PBXFileReference; lastKnownFileType = sourcecode.c.objc; path = CopaRAJTests.m; sourceTree = "<group>"; };
		C2C5C02B1CC564D70010133B /* Info.plist */ = {isa = PBXFileReference; lastKnownFileType = text.plist.xml; path = Info.plist; sourceTree = "<group>"; };
		C2C5C0301CC564D70010133B /* CopaRAJUITests.xctest */ = {isa = PBXFileReference; explicitFileType = wrapper.cfbundle; includeInIndex = 0; path = CopaRAJUITests.xctest; sourceTree = BUILT_PRODUCTS_DIR; };
		C2C5C0341CC564D70010133B /* CopaRAJUITests.m */ = {isa = PBXFileReference; lastKnownFileType = sourcecode.c.objc; path = CopaRAJUITests.m; sourceTree = "<group>"; };
		C2C5C0361CC564D70010133B /* Info.plist */ = {isa = PBXFileReference; lastKnownFileType = text.plist.xml; path = Info.plist; sourceTree = "<group>"; };
		C2C799FA1CC83B1A00D1BBBC /* BracketCell.h */ = {isa = PBXFileReference; fileEncoding = 4; lastKnownFileType = sourcecode.c.h; path = BracketCell.h; sourceTree = "<group>"; };
		C2C799FB1CC83B1A00D1BBBC /* BracketCell.m */ = {isa = PBXFileReference; fileEncoding = 4; lastKnownFileType = sourcecode.c.objc; path = BracketCell.m; sourceTree = "<group>"; };
		C2F6D1AD1CE5102A005F01FD /* CopaRAJ-Bridging-Header.h */ = {isa = PBXFileReference; lastKnownFileType = sourcecode.c.h; path = "CopaRAJ-Bridging-Header.h"; sourceTree = "<group>"; };
		C2F6D1B01CE515DB005F01FD /* Challenge.storyboard */ = {isa = PBXFileReference; fileEncoding = 4; lastKnownFileType = file.storyboard; path = Challenge.storyboard; sourceTree = "<group>"; };
		D82BF4E61CC5DC2A00E80C51 /* Game.storyboard */ = {isa = PBXFileReference; fileEncoding = 4; lastKnownFileType = file.storyboard; path = Game.storyboard; sourceTree = "<group>"; };
		D82BF4E91CC5DC9000E80C51 /* Base */ = {isa = PBXFileReference; lastKnownFileType = file.storyboard; name = Base; path = Base.lproj/Group.storyboard; sourceTree = "<group>"; };
		D82BF4EC1CC5DCC200E80C51 /* Base */ = {isa = PBXFileReference; lastKnownFileType = file.storyboard; name = Base; path = Base.lproj/Tourny.storyboard; sourceTree = "<group>"; };
		D82E42631CE52096004812FF /* GroupHome.storyboard */ = {isa = PBXFileReference; fileEncoding = 4; lastKnownFileType = file.storyboard; path = GroupHome.storyboard; sourceTree = "<group>"; };
		D82E42681CE52175004812FF /* PickGroup.storyboard */ = {isa = PBXFileReference; fileEncoding = 4; lastKnownFileType = file.storyboard; path = PickGroup.storyboard; sourceTree = "<group>"; };
		D82E426A1CE521B6004812FF /* BracketFinalize.storyboard */ = {isa = PBXFileReference; fileEncoding = 4; lastKnownFileType = file.storyboard; path = BracketFinalize.storyboard; sourceTree = "<group>"; };
		D82E426C1CE521F7004812FF /* GroupDetails.storyboard */ = {isa = PBXFileReference; fileEncoding = 4; lastKnownFileType = file.storyboard; path = GroupDetails.storyboard; sourceTree = "<group>"; };
		D82E426E1CE5220E004812FF /* PickDetails.storyboard */ = {isa = PBXFileReference; fileEncoding = 4; lastKnownFileType = file.storyboard; path = PickDetails.storyboard; sourceTree = "<group>"; };
		D82E42701CE5683E004812FF /* CreateGroupVC.swift */ = {isa = PBXFileReference; fileEncoding = 4; lastKnownFileType = sourcecode.swift; path = CreateGroupVC.swift; sourceTree = "<group>"; };
		D82E42891CE581E0004812FF /* ChallengeGroup.swift */ = {isa = PBXFileReference; fileEncoding = 4; lastKnownFileType = sourcecode.swift; path = ChallengeGroup.swift; sourceTree = "<group>"; };
		D8594CA11CE66DD1008965F0 /* CreateGroup.storyboard */ = {isa = PBXFileReference; fileEncoding = 4; lastKnownFileType = file.storyboard; path = CreateGroup.storyboard; sourceTree = "<group>"; };
		D8AB66621CCECF9900B5C8FE /* FBGroup.h */ = {isa = PBXFileReference; fileEncoding = 4; lastKnownFileType = sourcecode.c.h; path = FBGroup.h; sourceTree = "<group>"; };
		D8AB66631CCECF9900B5C8FE /* FBGroup.m */ = {isa = PBXFileReference; fileEncoding = 4; lastKnownFileType = sourcecode.c.objc; path = FBGroup.m; sourceTree = "<group>"; };
		D8AB66651CCED12100B5C8FE /* FBMatch.h */ = {isa = PBXFileReference; fileEncoding = 4; lastKnownFileType = sourcecode.c.h; path = FBMatch.h; sourceTree = "<group>"; };
		D8AB66661CCED12100B5C8FE /* FBMatch.m */ = {isa = PBXFileReference; fileEncoding = 4; lastKnownFileType = sourcecode.c.objc; path = FBMatch.m; sourceTree = "<group>"; };
		D8F2D0BD1CC59537003F8465 /* HomeTableViewCell.h */ = {isa = PBXFileReference; fileEncoding = 4; lastKnownFileType = sourcecode.c.h; path = HomeTableViewCell.h; sourceTree = "<group>"; };
		D8F2D0BE1CC59537003F8465 /* HomeTableViewCell.m */ = {isa = PBXFileReference; fileEncoding = 4; lastKnownFileType = sourcecode.c.objc; path = HomeTableViewCell.m; sourceTree = "<group>"; };
		D8F2D0C01CC5B50F003F8465 /* GroupTableViewCell.h */ = {isa = PBXFileReference; fileEncoding = 4; lastKnownFileType = sourcecode.c.h; path = GroupTableViewCell.h; sourceTree = "<group>"; };
		D8F2D0C11CC5B50F003F8465 /* GroupTableViewCell.m */ = {isa = PBXFileReference; fileEncoding = 4; lastKnownFileType = sourcecode.c.objc; path = GroupTableViewCell.m; sourceTree = "<group>"; };
		D8F2D0C31CC5B6F9003F8465 /* GroupVC.h */ = {isa = PBXFileReference; fileEncoding = 4; lastKnownFileType = sourcecode.c.h; path = GroupVC.h; sourceTree = "<group>"; };
		D8F2D0C41CC5B6F9003F8465 /* GroupVC.m */ = {isa = PBXFileReference; fileEncoding = 4; lastKnownFileType = sourcecode.c.objc; path = GroupVC.m; sourceTree = "<group>"; };
		D8F2D0C91CC5B75F003F8465 /* GameVC.h */ = {isa = PBXFileReference; fileEncoding = 4; lastKnownFileType = sourcecode.c.h; path = GameVC.h; sourceTree = "<group>"; };
		D8F2D0CA1CC5B75F003F8465 /* GameVC.m */ = {isa = PBXFileReference; fileEncoding = 4; lastKnownFileType = sourcecode.c.objc; path = GameVC.m; sourceTree = "<group>"; };
		D8F2D0CC1CC5B777003F8465 /* TourneyVC.h */ = {isa = PBXFileReference; fileEncoding = 4; lastKnownFileType = sourcecode.c.h; path = TourneyVC.h; sourceTree = "<group>"; };
		D8F2D0CD1CC5B777003F8465 /* TourneyVC.m */ = {isa = PBXFileReference; fileEncoding = 4; lastKnownFileType = sourcecode.c.objc; path = TourneyVC.m; sourceTree = "<group>"; };
/* End PBXFileReference section */

/* Begin PBXFrameworksBuildPhase section */
		C2C5C0061CC564D70010133B /* Frameworks */ = {
			isa = PBXFrameworksBuildPhase;
			buildActionMask = 2147483647;
			files = (
				032AA656B2380D13CB362567 /* libPods.a in Frameworks */,
				C24140571CEB0D9C00ECBF6F /* FBSDKCoreKit.framework in Frameworks */,
				C24140591CEB0DA400ECBF6F /* FBSDKLoginKit.framework in Frameworks */,
			);
			runOnlyForDeploymentPostprocessing = 0;
		};
		C2C5C0221CC564D70010133B /* Frameworks */ = {
			isa = PBXFrameworksBuildPhase;
			buildActionMask = 2147483647;
			files = (
			);
			runOnlyForDeploymentPostprocessing = 0;
		};
		C2C5C02D1CC564D70010133B /* Frameworks */ = {
			isa = PBXFrameworksBuildPhase;
			buildActionMask = 2147483647;
			files = (
			);
			runOnlyForDeploymentPostprocessing = 0;
		};
/* End PBXFrameworksBuildPhase section */

/* Begin PBXGroup section */
		6638C288E3486B8F543FC221 /* Frameworks */ = {
			isa = PBXGroup;
			children = (
				C24140581CEB0DA400ECBF6F /* FBSDKLoginKit.framework */,
				C24140561CEB0D9C00ECBF6F /* FBSDKCoreKit.framework */,
				6DBA652AE4BAFEBB5DF68D04 /* libPods.a */,
			);
			name = Frameworks;
			sourceTree = "<group>";
		};
		7B1FF1D71CD020D300B031B0 /* Fonts */ = {
			isa = PBXGroup;
			children = (
				7B1FF1D81CD020E800B031B0 /* billabong.ttf */,
				7B1FF1D91CD020E800B031B0 /* Gotham Narrow Book.otf */,
				7B1FF1DA1CD020E800B031B0 /* GOTHAM-MEDIUM.TTF */,
			);
			name = Fonts;
			sourceTree = "<group>";
		};
		7BC9FF951CDB30F500711636 /* en.lproj */ = {
			isa = PBXGroup;
			children = (
				7BC9FF961CDB30F500711636 /* Localizable.strings */,
			);
			name = en.lproj;
			path = CopaRAJ/en.lproj;
			sourceTree = "<group>";
		};
		7BC9FF981CDB30F500711636 /* es.lproj */ = {
			isa = PBXGroup;
			children = (
				7BC9FF991CDB30F500711636 /* Group.strings */,
				7BC9FF9B1CDB30F500711636 /* LaunchScreen.strings */,
				7BC9FF9D1CDB30F500711636 /* Localizable.strings */,
				7BC9FF9F1CDB30F500711636 /* Main.strings */,
				7BC9FFA11CDB30F500711636 /* Tourny.strings */,
			);
			name = es.lproj;
			path = CopaRAJ/es.lproj;
			sourceTree = "<group>";
		};
		AB2EC1386A82B6049026018A /* Pods */ = {
			isa = PBXGroup;
			children = (
				6E4AA48983C0140B5AE4CBC8 /* Pods.debug.xcconfig */,
				920CE7D93A55FCC98810244D /* Pods.release.xcconfig */,
			);
			name = Pods;
			sourceTree = "<group>";
		};
		C244BEFB1CE80F2700C4371D /* Service */ = {
			isa = PBXGroup;
			children = (
				C244BEFC1CE80F5B00C4371D /* DataService.swift */,
			);
			name = Service;
			sourceTree = "<group>";
		};
		C2C5C0001CC564D70010133B = {
			isa = PBXGroup;
			children = (
				C2C5C00F1CC564D70010133B /* AppDelegate.h */,
				C2C5C0101CC564D70010133B /* AppDelegate.m */,
				7BC9FF981CDB30F500711636 /* es.lproj */,
				7BC9FF951CDB30F500711636 /* en.lproj */,
				D82E42611CE518E5004812FF /* Challenge */,
				C2C5C00B1CC564D70010133B /* CopaRAJ */,
				C2C5C0281CC564D70010133B /* CopaRAJTests */,
				C2C5C0331CC564D70010133B /* CopaRAJUITests */,
				C2C5C00A1CC564D70010133B /* Products */,
				AB2EC1386A82B6049026018A /* Pods */,
				6638C288E3486B8F543FC221 /* Frameworks */,
			);
			sourceTree = "<group>";
		};
		C2C5C00A1CC564D70010133B /* Products */ = {
			isa = PBXGroup;
			children = (
				C2C5C0091CC564D70010133B /* CopaRAJ.app */,
				C2C5C0251CC564D70010133B /* CopaRAJTests.xctest */,
				C2C5C0301CC564D70010133B /* CopaRAJUITests.xctest */,
			);
			name = Products;
			sourceTree = "<group>";
		};
		C2C5C00B1CC564D70010133B /* CopaRAJ */ = {
			isa = PBXGroup;
			children = (
				D82E42671CE5213B004812FF /* Storyboards */,
				7B1FF1D71CD020D300B031B0 /* Fonts */,
				D8F2D0BC1CC593BD003F8465 /* Model */,
				D8F2D0BB1CC5939F003F8465 /* View */,
				D8F2D0BA1CC5937F003F8465 /* Controller */,
				C2C5C01B1CC564D70010133B /* Assets.xcassets */,
				C2C5C01D1CC564D70010133B /* LaunchScreen.storyboard */,
				C2C5C0201CC564D70010133B /* Info.plist */,
				7BD870B61CCA7F880020C125 /* playOffMatches.plist */,
				C2C5C0181CC564D70010133B /* CopaRAJ.xcdatamodeld */,
				C2C5C00C1CC564D70010133B /* Supporting Files */,
			);
			path = CopaRAJ;
			sourceTree = "<group>";
		};
		C2C5C00C1CC564D70010133B /* Supporting Files */ = {
			isa = PBXGroup;
			children = (
				C2C5C00D1CC564D70010133B /* main.m */,
			);
			name = "Supporting Files";
			sourceTree = "<group>";
		};
		C2C5C0281CC564D70010133B /* CopaRAJTests */ = {
			isa = PBXGroup;
			children = (
				C2C5C0291CC564D70010133B /* CopaRAJTests.m */,
				C2C5C02B1CC564D70010133B /* Info.plist */,
			);
			path = CopaRAJTests;
			sourceTree = "<group>";
		};
		C2C5C0331CC564D70010133B /* CopaRAJUITests */ = {
			isa = PBXGroup;
			children = (
				C2C5C0341CC564D70010133B /* CopaRAJUITests.m */,
				C2C5C0361CC564D70010133B /* Info.plist */,
			);
			path = CopaRAJUITests;
			sourceTree = "<group>";
		};
		D82BF4EE1CC5DCD500E80C51 /* Main Storyboard */ = {
			isa = PBXGroup;
			children = (
				C2C5C0151CC564D70010133B /* Main.storyboard */,
			);
			name = "Main Storyboard";
			sourceTree = "<group>";
		};
		D82BF4EF1CC5DCE900E80C51 /* Tourny Storyboard */ = {
			isa = PBXGroup;
			children = (
				D82BF4EB1CC5DCC200E80C51 /* Tourny.storyboard */,
			);
			name = "Tourny Storyboard";
			sourceTree = "<group>";
		};
		D82BF4F01CC5DCF700E80C51 /* Group Storyboard */ = {
			isa = PBXGroup;
			children = (
				D82BF4E81CC5DC9000E80C51 /* Group.storyboard */,
			);
			name = "Group Storyboard";
			sourceTree = "<group>";
		};
		D82BF4F11CC5DD2000E80C51 /* Game Storyboard */ = {
			isa = PBXGroup;
			children = (
				D82BF4E61CC5DC2A00E80C51 /* Game.storyboard */,
			);
			name = "Game Storyboard";
			sourceTree = "<group>";
		};
		D82E42611CE518E5004812FF /* Challenge */ = {
			isa = PBXGroup;
			children = (
				C244BEFB1CE80F2700C4371D /* Service */,
				D82E42861CE576F8004812FF /* View */,
				D82E42851CE576F1004812FF /* Model */,
				D82E42721CE5684C004812FF /* Controller */,
			);
			name = Challenge;
			path = CopaRAJ;
			sourceTree = "<group>";
		};
		D82E42621CE518EE004812FF /* Storyboards */ = {
			isa = PBXGroup;
			children = (
				D82E42791CE568B7004812FF /* PickGroup */,
				D82E42781CE568AA004812FF /* CreateGroup */,
				D82E42771CE5689F004812FF /* BracketFinalize */,
				D82E42761CE56893004812FF /* PickDetails */,
				D82E42751CE56883004812FF /* GroupDetails */,
				D82E42741CE56876004812FF /* GroupsHome */,
				D82E42731CE5686B004812FF /* Challenge */,
			);
			name = Storyboards;
			sourceTree = "<group>";
		};
		D82E42671CE5213B004812FF /* Storyboards */ = {
			isa = PBXGroup;
			children = (
				D82BF4F11CC5DD2000E80C51 /* Game Storyboard */,
				D82BF4F01CC5DCF700E80C51 /* Group Storyboard */,
				D82BF4EF1CC5DCE900E80C51 /* Tourny Storyboard */,
				D82BF4EE1CC5DCD500E80C51 /* Main Storyboard */,
			);
			name = Storyboards;
			sourceTree = "<group>";
		};
		D82E42721CE5684C004812FF /* Controller */ = {
			isa = PBXGroup;
			children = (
				D82E42701CE5683E004812FF /* CreateGroupVC.swift */,
				C20EB5C11CE67E10000E36B7 /* ChallengeLogInVC.swift */,
				C244BEF91CE7E9E500C4371D /* GroupHomeVC.swift */,
				C2A09F3A1CE94DA500268544 /* CreateAccountVC.swift */,
			);
			name = Controller;
			sourceTree = "<group>";
		};
		D82E42731CE5686B004812FF /* Challenge */ = {
			isa = PBXGroup;
			children = (
				C2F6D1B01CE515DB005F01FD /* Challenge.storyboard */,
			);
			name = Challenge;
			sourceTree = "<group>";
		};
		D82E42741CE56876004812FF /* GroupsHome */ = {
			isa = PBXGroup;
			children = (
				D82E42631CE52096004812FF /* GroupHome.storyboard */,
			);
			name = GroupsHome;
			sourceTree = "<group>";
		};
		D82E42751CE56883004812FF /* GroupDetails */ = {
			isa = PBXGroup;
			children = (
				D82E426C1CE521F7004812FF /* GroupDetails.storyboard */,
			);
			name = GroupDetails;
			sourceTree = "<group>";
		};
		D82E42761CE56893004812FF /* PickDetails */ = {
			isa = PBXGroup;
			children = (
				D82E426E1CE5220E004812FF /* PickDetails.storyboard */,
			);
			name = PickDetails;
			sourceTree = "<group>";
		};
		D82E42771CE5689F004812FF /* BracketFinalize */ = {
			isa = PBXGroup;
			children = (
				D82E426A1CE521B6004812FF /* BracketFinalize.storyboard */,
			);
			name = BracketFinalize;
			sourceTree = "<group>";
		};
		D82E42781CE568AA004812FF /* CreateGroup */ = {
			isa = PBXGroup;
			children = (
				D8594CA11CE66DD1008965F0 /* CreateGroup.storyboard */,
			);
			name = CreateGroup;
			sourceTree = "<group>";
		};
		D82E42791CE568B7004812FF /* PickGroup */ = {
			isa = PBXGroup;
			children = (
				D82E42681CE52175004812FF /* PickGroup.storyboard */,
			);
			name = PickGroup;
			sourceTree = "<group>";
		};
		D82E42851CE576F1004812FF /* Model */ = {
			isa = PBXGroup;
			children = (
				D82E42891CE581E0004812FF /* ChallengeGroup.swift */,
				C20EB5C51CE6923D000E36B7 /* User.swift */,
			);
			name = Model;
			sourceTree = "<group>";
		};
		D82E42861CE576F8004812FF /* View */ = {
			isa = PBXGroup;
			children = (
				D82E42621CE518EE004812FF /* Storyboards */,
			);
			name = View;
			sourceTree = "<group>";
		};
		D8AB66611CCECF3A00B5C8FE /* Firebase */ = {
			isa = PBXGroup;
			children = (
				D8AB66621CCECF9900B5C8FE /* FBGroup.h */,
				D8AB66631CCECF9900B5C8FE /* FBGroup.m */,
				D8AB66651CCED12100B5C8FE /* FBMatch.h */,
				D8AB66661CCED12100B5C8FE /* FBMatch.m */,
			);
			name = Firebase;
			sourceTree = "<group>";
		};
		D8F2D0BA1CC5937F003F8465 /* Controller */ = {
			isa = PBXGroup;
			children = (
				7BD056261CC7477000BCB113 /* HomeVC.h */,
				7B3DB4331CD1DFA200EB00D3 /* HomeVC.m */,
				D8F2D0C31CC5B6F9003F8465 /* GroupVC.h */,
				D8F2D0C41CC5B6F9003F8465 /* GroupVC.m */,
				D8F2D0C91CC5B75F003F8465 /* GameVC.h */,
				D8F2D0CA1CC5B75F003F8465 /* GameVC.m */,
				D8F2D0CC1CC5B777003F8465 /* TourneyVC.h */,
				D8F2D0CD1CC5B777003F8465 /* TourneyVC.m */,
				C2F6D1AD1CE5102A005F01FD /* CopaRAJ-Bridging-Header.h */,
			);
			name = Controller;
			sourceTree = "<group>";
		};
		D8F2D0BB1CC5939F003F8465 /* View */ = {
			isa = PBXGroup;
			children = (
				C290DDFD1CD5FA18002FB7B6 /* EventCell.h */,
				C290DDFE1CD5FA18002FB7B6 /* EventCell.m */,
				D8F2D0BD1CC59537003F8465 /* HomeTableViewCell.h */,
				D8F2D0BE1CC59537003F8465 /* HomeTableViewCell.m */,
				D8F2D0C01CC5B50F003F8465 /* GroupTableViewCell.h */,
				D8F2D0C11CC5B50F003F8465 /* GroupTableViewCell.m */,
				C2C799FA1CC83B1A00D1BBBC /* BracketCell.h */,
				C2C799FB1CC83B1A00D1BBBC /* BracketCell.m */,
			);
			name = View;
			sourceTree = "<group>";
		};
		D8F2D0BC1CC593BD003F8465 /* Model */ = {
			isa = PBXGroup;
			children = (
				D8AB66611CCECF3A00B5C8FE /* Firebase */,
				7B1FF1CE1CD0152700B031B0 /* Match+CoreDataProperties.h */,
				7B1FF1CF1CD0152700B031B0 /* Match+CoreDataProperties.m */,
				7B1FF1D01CD0152700B031B0 /* Match.h */,
				7B1FF1D11CD0152700B031B0 /* Match.m */,
				7B84DCF31CC8421F0021524F /* Group+CoreDataProperties.h */,
				7B84DCF41CC8421F0021524F /* Group+CoreDataProperties.m */,
				7B84DCF71CC8421F0021524F /* Team+CoreDataProperties.h */,
				7B84DCF81CC8421F0021524F /* Team+CoreDataProperties.m */,
				7BD0561E1CC73A9D00BCB113 /* Group.h */,
				7BD0561F1CC73A9D00BCB113 /* Group.m */,
				7BD056091CC70EA100BCB113 /* Team.h */,
				7BD0560A1CC70EA100BCB113 /* Team.m */,
			);
			name = Model;
			sourceTree = "<group>";
		};
/* End PBXGroup section */

/* Begin PBXNativeTarget section */
		C2C5C0081CC564D70010133B /* CopaRAJ */ = {
			isa = PBXNativeTarget;
			buildConfigurationList = C2C5C0391CC564D70010133B /* Build configuration list for PBXNativeTarget "CopaRAJ" */;
			buildPhases = (
				8ED29A152177A96E7968F367 /* Check Pods Manifest.lock */,
				C2C5C0051CC564D70010133B /* Sources */,
				C2C5C0061CC564D70010133B /* Frameworks */,
				C2C5C0071CC564D70010133B /* Resources */,
				6979F476FE4E06305BE555EB /* Embed Pods Frameworks */,
				F2764A9A3DDFB4CBDB0ED4E0 /* Copy Pods Resources */,
			);
			buildRules = (
			);
			dependencies = (
			);
			name = CopaRAJ;
			productName = CopaRAJ;
			productReference = C2C5C0091CC564D70010133B /* CopaRAJ.app */;
			productType = "com.apple.product-type.application";
		};
		C2C5C0241CC564D70010133B /* CopaRAJTests */ = {
			isa = PBXNativeTarget;
			buildConfigurationList = C2C5C03C1CC564D70010133B /* Build configuration list for PBXNativeTarget "CopaRAJTests" */;
			buildPhases = (
				C2C5C0211CC564D70010133B /* Sources */,
				C2C5C0221CC564D70010133B /* Frameworks */,
				C2C5C0231CC564D70010133B /* Resources */,
			);
			buildRules = (
			);
			dependencies = (
				C2C5C0271CC564D70010133B /* PBXTargetDependency */,
			);
			name = CopaRAJTests;
			productName = CopaRAJTests;
			productReference = C2C5C0251CC564D70010133B /* CopaRAJTests.xctest */;
			productType = "com.apple.product-type.bundle.unit-test";
		};
		C2C5C02F1CC564D70010133B /* CopaRAJUITests */ = {
			isa = PBXNativeTarget;
			buildConfigurationList = C2C5C03F1CC564D70010133B /* Build configuration list for PBXNativeTarget "CopaRAJUITests" */;
			buildPhases = (
				C2C5C02C1CC564D70010133B /* Sources */,
				C2C5C02D1CC564D70010133B /* Frameworks */,
				C2C5C02E1CC564D70010133B /* Resources */,
			);
			buildRules = (
			);
			dependencies = (
				C2C5C0321CC564D70010133B /* PBXTargetDependency */,
			);
			name = CopaRAJUITests;
			productName = CopaRAJUITests;
			productReference = C2C5C0301CC564D70010133B /* CopaRAJUITests.xctest */;
			productType = "com.apple.product-type.bundle.ui-testing";
		};
/* End PBXNativeTarget section */

/* Begin PBXProject section */
		C2C5C0011CC564D70010133B /* Project object */ = {
			isa = PBXProject;
			attributes = {
				LastUpgradeCheck = 0730;
				ORGANIZATIONNAME = "AR-T.com, Inc.";
				TargetAttributes = {
					C2C5C0081CC564D70010133B = {
						CreatedOnToolsVersion = 7.3;
						DevelopmentTeam = FYX37TYYH9;
					};
					C2C5C0241CC564D70010133B = {
						CreatedOnToolsVersion = 7.3;
						DevelopmentTeam = CD2SK749ZU;
						TestTargetID = C2C5C0081CC564D70010133B;
					};
					C2C5C02F1CC564D70010133B = {
						CreatedOnToolsVersion = 7.3;
						DevelopmentTeam = CD2SK749ZU;
						TestTargetID = C2C5C0081CC564D70010133B;
					};
				};
			};
			buildConfigurationList = C2C5C0041CC564D70010133B /* Build configuration list for PBXProject "CopaRAJ" */;
			compatibilityVersion = "Xcode 3.2";
			developmentRegion = English;
			hasScannedForEncodings = 0;
			knownRegions = (
				en,
				Base,
				es,
			);
			mainGroup = C2C5C0001CC564D70010133B;
			productRefGroup = C2C5C00A1CC564D70010133B /* Products */;
			projectDirPath = "";
			projectRoot = "";
			targets = (
				C2C5C0081CC564D70010133B /* CopaRAJ */,
				C2C5C0241CC564D70010133B /* CopaRAJTests */,
				C2C5C02F1CC564D70010133B /* CopaRAJUITests */,
			);
		};
/* End PBXProject section */

/* Begin PBXResourcesBuildPhase section */
		C2C5C0071CC564D70010133B /* Resources */ = {
			isa = PBXResourcesBuildPhase;
			buildActionMask = 2147483647;
			files = (
				7B1FF1DB1CD0218500B031B0 /* billabong.ttf in Resources */,
				7B1FF1DC1CD0218500B031B0 /* Gotham Narrow Book.otf in Resources */,
				7BC9FFA51CDB30F500711636 /* LaunchScreen.strings in Resources */,
				7BC9FFA61CDB30F500711636 /* Localizable.strings in Resources */,
				7BC9FFA41CDB30F500711636 /* Group.strings in Resources */,
				7BC9FFA31CDB30F500711636 /* Localizable.strings in Resources */,
				D8594CA21CE66DD1008965F0 /* CreateGroup.storyboard in Resources */,
				7B1FF1DD1CD0218500B031B0 /* GOTHAM-MEDIUM.TTF in Resources */,
				7BC9FFA81CDB30F500711636 /* Tourny.strings in Resources */,
				D82E426F1CE5220E004812FF /* PickDetails.storyboard in Resources */,
				C2F6D1B11CE515DB005F01FD /* Challenge.storyboard in Resources */,
				D82BF4ED1CC5DCC200E80C51 /* Tourny.storyboard in Resources */,
				D82E426D1CE521F7004812FF /* GroupDetails.storyboard in Resources */,
				D82E42691CE52175004812FF /* PickGroup.storyboard in Resources */,
				D82E426B1CE521B6004812FF /* BracketFinalize.storyboard in Resources */,
				D82BF4E71CC5DC2A00E80C51 /* Game.storyboard in Resources */,
				7BC9FFA71CDB30F500711636 /* Main.strings in Resources */,
				C2C5C01F1CC564D70010133B /* LaunchScreen.storyboard in Resources */,
				7BD870B71CCA7F880020C125 /* playOffMatches.plist in Resources */,
				C2C5C01C1CC564D70010133B /* Assets.xcassets in Resources */,
				C2C5C0171CC564D70010133B /* Main.storyboard in Resources */,
				D82BF4EA1CC5DC9000E80C51 /* Group.storyboard in Resources */,
				D82E42641CE52097004812FF /* GroupHome.storyboard in Resources */,
			);
			runOnlyForDeploymentPostprocessing = 0;
		};
		C2C5C0231CC564D70010133B /* Resources */ = {
			isa = PBXResourcesBuildPhase;
			buildActionMask = 2147483647;
			files = (
			);
			runOnlyForDeploymentPostprocessing = 0;
		};
		C2C5C02E1CC564D70010133B /* Resources */ = {
			isa = PBXResourcesBuildPhase;
			buildActionMask = 2147483647;
			files = (
			);
			runOnlyForDeploymentPostprocessing = 0;
		};
/* End PBXResourcesBuildPhase section */

/* Begin PBXShellScriptBuildPhase section */
		6979F476FE4E06305BE555EB /* Embed Pods Frameworks */ = {
			isa = PBXShellScriptBuildPhase;
			buildActionMask = 2147483647;
			files = (
			);
			inputPaths = (
			);
			name = "Embed Pods Frameworks";
			outputPaths = (
			);
			runOnlyForDeploymentPostprocessing = 0;
			shellPath = /bin/sh;
			shellScript = "\"${SRCROOT}/Pods/Target Support Files/Pods/Pods-frameworks.sh\"\n";
			showEnvVarsInLog = 0;
		};
		8ED29A152177A96E7968F367 /* Check Pods Manifest.lock */ = {
			isa = PBXShellScriptBuildPhase;
			buildActionMask = 2147483647;
			files = (
			);
			inputPaths = (
			);
			name = "Check Pods Manifest.lock";
			outputPaths = (
			);
			runOnlyForDeploymentPostprocessing = 0;
			shellPath = /bin/sh;
			shellScript = "diff \"${PODS_ROOT}/../Podfile.lock\" \"${PODS_ROOT}/Manifest.lock\" > /dev/null\nif [[ $? != 0 ]] ; then\n    cat << EOM\nerror: The sandbox is not in sync with the Podfile.lock. Run 'pod install' or update your CocoaPods installation.\nEOM\n    exit 1\nfi\n";
			showEnvVarsInLog = 0;
		};
		F2764A9A3DDFB4CBDB0ED4E0 /* Copy Pods Resources */ = {
			isa = PBXShellScriptBuildPhase;
			buildActionMask = 2147483647;
			files = (
			);
			inputPaths = (
			);
			name = "Copy Pods Resources";
			outputPaths = (
			);
			runOnlyForDeploymentPostprocessing = 0;
			shellPath = /bin/sh;
			shellScript = "\"${SRCROOT}/Pods/Target Support Files/Pods/Pods-resources.sh\"\n";
			showEnvVarsInLog = 0;
		};
/* End PBXShellScriptBuildPhase section */

/* Begin PBXSourcesBuildPhase section */
		C2C5C0051CC564D70010133B /* Sources */ = {
			isa = PBXSourcesBuildPhase;
			buildActionMask = 2147483647;
			files = (
				D82E428A1CE581E0004812FF /* ChallengeGroup.swift in Sources */,
				C244BEFD1CE80F5B00C4371D /* DataService.swift in Sources */,
				C2C5C01A1CC564D70010133B /* CopaRAJ.xcdatamodeld in Sources */,
				D8F2D0CB1CC5B75F003F8465 /* GameVC.m in Sources */,
				7B3DB4341CD1DFA200EB00D3 /* HomeVC.m in Sources */,
				C2C799FC1CC83B1A00D1BBBC /* BracketCell.m in Sources */,
				D8F2D0BF1CC59537003F8465 /* HomeTableViewCell.m in Sources */,
				7BD056251CC73A9D00BCB113 /* Group.m in Sources */,
				7B1FF1D61CD0152700B031B0 /* Match.m in Sources */,
				D8F2D0C51CC5B6F9003F8465 /* GroupVC.m in Sources */,
				C20EB5C21CE67E10000E36B7 /* ChallengeLogInVC.swift in Sources */,
				7B84DCFB1CC8421F0021524F /* Team+CoreDataProperties.m in Sources */,
				7B1FF1D51CD0152700B031B0 /* Match+CoreDataProperties.m in Sources */,
				D8F2D0C21CC5B50F003F8465 /* GroupTableViewCell.m in Sources */,
				C2A09F3B1CE94DA500268544 /* CreateAccountVC.swift in Sources */,
				C2C5C0111CC564D70010133B /* AppDelegate.m in Sources */,
				C290DDFF1CD5FA18002FB7B6 /* EventCell.m in Sources */,
				7BD056121CC70EA100BCB113 /* Team.m in Sources */,
				D8F2D0CE1CC5B777003F8465 /* TourneyVC.m in Sources */,
				C2C5C00E1CC564D70010133B /* main.m in Sources */,
				D82E42711CE5683E004812FF /* CreateGroupVC.swift in Sources */,
				C20EB5C61CE6923D000E36B7 /* User.swift in Sources */,
				7B84DCF91CC8421F0021524F /* Group+CoreDataProperties.m in Sources */,
				C244BEFA1CE7E9E500C4371D /* GroupHomeVC.swift in Sources */,
				D8AB66671CCED12100B5C8FE /* FBMatch.m in Sources */,
				7B3DB4351CD1E01900EB00D3 /* FBGroup.m in Sources */,
			);
			runOnlyForDeploymentPostprocessing = 0;
		};
		C2C5C0211CC564D70010133B /* Sources */ = {
			isa = PBXSourcesBuildPhase;
			buildActionMask = 2147483647;
			files = (
				C2C5C02A1CC564D70010133B /* CopaRAJTests.m in Sources */,
			);
			runOnlyForDeploymentPostprocessing = 0;
		};
		C2C5C02C1CC564D70010133B /* Sources */ = {
			isa = PBXSourcesBuildPhase;
			buildActionMask = 2147483647;
			files = (
				C2C5C0351CC564D70010133B /* CopaRAJUITests.m in Sources */,
			);
			runOnlyForDeploymentPostprocessing = 0;
		};
/* End PBXSourcesBuildPhase section */

/* Begin PBXTargetDependency section */
		C2C5C0271CC564D70010133B /* PBXTargetDependency */ = {
			isa = PBXTargetDependency;
			target = C2C5C0081CC564D70010133B /* CopaRAJ */;
			targetProxy = C2C5C0261CC564D70010133B /* PBXContainerItemProxy */;
		};
		C2C5C0321CC564D70010133B /* PBXTargetDependency */ = {
			isa = PBXTargetDependency;
			target = C2C5C0081CC564D70010133B /* CopaRAJ */;
			targetProxy = C2C5C0311CC564D70010133B /* PBXContainerItemProxy */;
		};
/* End PBXTargetDependency section */

/* Begin PBXVariantGroup section */
		7BC9FF961CDB30F500711636 /* Localizable.strings */ = {
			isa = PBXVariantGroup;
			children = (
				7BC9FF971CDB30F500711636 /* en */,
			);
			name = Localizable.strings;
			sourceTree = "<group>";
		};
		7BC9FF991CDB30F500711636 /* Group.strings */ = {
			isa = PBXVariantGroup;
			children = (
				7BC9FF9A1CDB30F500711636 /* es */,
			);
			name = Group.strings;
			sourceTree = "<group>";
		};
		7BC9FF9B1CDB30F500711636 /* LaunchScreen.strings */ = {
			isa = PBXVariantGroup;
			children = (
				7BC9FF9C1CDB30F500711636 /* es */,
			);
			name = LaunchScreen.strings;
			sourceTree = "<group>";
		};
		7BC9FF9D1CDB30F500711636 /* Localizable.strings */ = {
			isa = PBXVariantGroup;
			children = (
				7BC9FF9E1CDB30F500711636 /* es */,
			);
			name = Localizable.strings;
			sourceTree = "<group>";
		};
		7BC9FF9F1CDB30F500711636 /* Main.strings */ = {
			isa = PBXVariantGroup;
			children = (
				7BC9FFA01CDB30F500711636 /* es */,
			);
			name = Main.strings;
			sourceTree = "<group>";
		};
		7BC9FFA11CDB30F500711636 /* Tourny.strings */ = {
			isa = PBXVariantGroup;
			children = (
				7BC9FFA21CDB30F500711636 /* es */,
			);
			name = Tourny.strings;
			sourceTree = "<group>";
		};
		C2C5C0151CC564D70010133B /* Main.storyboard */ = {
			isa = PBXVariantGroup;
			children = (
				C2C5C0161CC564D70010133B /* Base */,
			);
			name = Main.storyboard;
			sourceTree = "<group>";
		};
		C2C5C01D1CC564D70010133B /* LaunchScreen.storyboard */ = {
			isa = PBXVariantGroup;
			children = (
				C2C5C01E1CC564D70010133B /* Base */,
			);
			name = LaunchScreen.storyboard;
			sourceTree = "<group>";
		};
		D82BF4E81CC5DC9000E80C51 /* Group.storyboard */ = {
			isa = PBXVariantGroup;
			children = (
				D82BF4E91CC5DC9000E80C51 /* Base */,
			);
			name = Group.storyboard;
			sourceTree = "<group>";
		};
		D82BF4EB1CC5DCC200E80C51 /* Tourny.storyboard */ = {
			isa = PBXVariantGroup;
			children = (
				D82BF4EC1CC5DCC200E80C51 /* Base */,
			);
			name = Tourny.storyboard;
			sourceTree = "<group>";
		};
/* End PBXVariantGroup section */

/* Begin XCBuildConfiguration section */
		C2C5C0371CC564D70010133B /* Debug */ = {
			isa = XCBuildConfiguration;
			buildSettings = {
				ALWAYS_SEARCH_USER_PATHS = NO;
				CLANG_ANALYZER_NONNULL = YES;
				CLANG_CXX_LANGUAGE_STANDARD = "gnu++0x";
				CLANG_CXX_LIBRARY = "libc++";
				CLANG_ENABLE_MODULES = YES;
				CLANG_ENABLE_OBJC_ARC = YES;
				CLANG_WARN_BOOL_CONVERSION = YES;
				CLANG_WARN_CONSTANT_CONVERSION = YES;
				CLANG_WARN_DIRECT_OBJC_ISA_USAGE = YES_ERROR;
				CLANG_WARN_EMPTY_BODY = YES;
				CLANG_WARN_ENUM_CONVERSION = YES;
				CLANG_WARN_INT_CONVERSION = YES;
				CLANG_WARN_OBJC_ROOT_CLASS = YES_ERROR;
				CLANG_WARN_UNREACHABLE_CODE = YES;
				CLANG_WARN__DUPLICATE_METHOD_MATCH = YES;
				"CODE_SIGN_IDENTITY[sdk=iphoneos*]" = "iPhone Developer";
				COPY_PHASE_STRIP = NO;
				DEBUG_INFORMATION_FORMAT = dwarf;
				ENABLE_STRICT_OBJC_MSGSEND = YES;
				ENABLE_TESTABILITY = YES;
				FRAMEWORK_SEARCH_PATHS = "";
				GCC_C_LANGUAGE_STANDARD = gnu99;
				GCC_DYNAMIC_NO_PIC = NO;
				GCC_NO_COMMON_BLOCKS = YES;
				GCC_OPTIMIZATION_LEVEL = 0;
				GCC_PREPROCESSOR_DEFINITIONS = (
					"DEBUG=1",
					"$(inherited)",
				);
				GCC_WARN_64_TO_32_BIT_CONVERSION = YES;
				GCC_WARN_ABOUT_RETURN_TYPE = YES_ERROR;
				GCC_WARN_UNDECLARED_SELECTOR = YES;
				GCC_WARN_UNINITIALIZED_AUTOS = YES_AGGRESSIVE;
				GCC_WARN_UNUSED_FUNCTION = YES;
				GCC_WARN_UNUSED_VARIABLE = YES;
				IPHONEOS_DEPLOYMENT_TARGET = 9.0;
				MTL_ENABLE_DEBUG_INFO = YES;
				ONLY_ACTIVE_ARCH = YES;
				SDKROOT = iphoneos;
			};
			name = Debug;
		};
		C2C5C0381CC564D70010133B /* Release */ = {
			isa = XCBuildConfiguration;
			buildSettings = {
				ALWAYS_SEARCH_USER_PATHS = NO;
				CLANG_ANALYZER_NONNULL = YES;
				CLANG_CXX_LANGUAGE_STANDARD = "gnu++0x";
				CLANG_CXX_LIBRARY = "libc++";
				CLANG_ENABLE_MODULES = YES;
				CLANG_ENABLE_OBJC_ARC = YES;
				CLANG_WARN_BOOL_CONVERSION = YES;
				CLANG_WARN_CONSTANT_CONVERSION = YES;
				CLANG_WARN_DIRECT_OBJC_ISA_USAGE = YES_ERROR;
				CLANG_WARN_EMPTY_BODY = YES;
				CLANG_WARN_ENUM_CONVERSION = YES;
				CLANG_WARN_INT_CONVERSION = YES;
				CLANG_WARN_OBJC_ROOT_CLASS = YES_ERROR;
				CLANG_WARN_UNREACHABLE_CODE = YES;
				CLANG_WARN__DUPLICATE_METHOD_MATCH = YES;
				"CODE_SIGN_IDENTITY[sdk=iphoneos*]" = "iPhone Developer";
				COPY_PHASE_STRIP = NO;
				DEBUG_INFORMATION_FORMAT = "dwarf-with-dsym";
				ENABLE_NS_ASSERTIONS = NO;
				ENABLE_STRICT_OBJC_MSGSEND = YES;
				FRAMEWORK_SEARCH_PATHS = "";
				GCC_C_LANGUAGE_STANDARD = gnu99;
				GCC_NO_COMMON_BLOCKS = YES;
				GCC_WARN_64_TO_32_BIT_CONVERSION = YES;
				GCC_WARN_ABOUT_RETURN_TYPE = YES_ERROR;
				GCC_WARN_UNDECLARED_SELECTOR = YES;
				GCC_WARN_UNINITIALIZED_AUTOS = YES_AGGRESSIVE;
				GCC_WARN_UNUSED_FUNCTION = YES;
				GCC_WARN_UNUSED_VARIABLE = YES;
				IPHONEOS_DEPLOYMENT_TARGET = 9.0;
				MTL_ENABLE_DEBUG_INFO = NO;
				SDKROOT = iphoneos;
				VALIDATE_PRODUCT = YES;
			};
			name = Release;
		};
		C2C5C03A1CC564D70010133B /* Debug */ = {
			isa = XCBuildConfiguration;
			baseConfigurationReference = 6E4AA48983C0140B5AE4CBC8 /* Pods.debug.xcconfig */;
			buildSettings = {
				ASSETCATALOG_COMPILER_APPICON_NAME = AppIcon;
				CLANG_ENABLE_MODULES = YES;
				CODE_SIGN_IDENTITY = "iPhone Developer";
				"CODE_SIGN_IDENTITY[sdk=iphoneos*]" = "iPhone Developer";
				FRAMEWORK_SEARCH_PATHS = (
					/Users/alirezatabrizi/Desktop/ios,
					dev,
					learning/MobileMakersAcadamy/Bootcamp,
					Course/Week6/CopaRAJ/finalCopaRaj/FacebookSDK,
					"$(PROJECT_DIR)/FacebookSDK",
				);
				INFOPLIST_FILE = CopaRAJ/Info.plist;
				IPHONEOS_DEPLOYMENT_TARGET = 9.0;
				LD_RUNPATH_SEARCH_PATHS = "$(inherited) @executable_path/Frameworks";
				PRODUCT_BUNDLE_IDENTIFIER = "com.AR-T.CopaRAJ2";
				PRODUCT_NAME = "$(TARGET_NAME)";
				PROVISIONING_PROFILE = "";
				SWIFT_OBJC_BRIDGING_HEADER = "CopaRAJ/CopaRAJ-Bridging-Header.h";
				SWIFT_OPTIMIZATION_LEVEL = "-Onone";
			};
			name = Debug;
		};
		C2C5C03B1CC564D70010133B /* Release */ = {
			isa = XCBuildConfiguration;
			baseConfigurationReference = 920CE7D93A55FCC98810244D /* Pods.release.xcconfig */;
			buildSettings = {
				ASSETCATALOG_COMPILER_APPICON_NAME = AppIcon;
				CLANG_ENABLE_MODULES = YES;
				CODE_SIGN_IDENTITY = "iPhone Developer";
				"CODE_SIGN_IDENTITY[sdk=iphoneos*]" = "iPhone Developer";
				FRAMEWORK_SEARCH_PATHS = (
					/Users/alirezatabrizi/Desktop/ios,
					dev,
					learning/MobileMakersAcadamy/Bootcamp,
					Course/Week6/CopaRAJ/finalCopaRaj/FacebookSDK,
					"$(PROJECT_DIR)/FacebookSDK",
				);
				INFOPLIST_FILE = CopaRAJ/Info.plist;
				IPHONEOS_DEPLOYMENT_TARGET = 9.0;
				LD_RUNPATH_SEARCH_PATHS = "$(inherited) @executable_path/Frameworks";
				PRODUCT_BUNDLE_IDENTIFIER = "com.AR-T.CopaRAJ2";
				PRODUCT_NAME = "$(TARGET_NAME)";
				PROVISIONING_PROFILE = "";
				SWIFT_OBJC_BRIDGING_HEADER = "CopaRAJ/CopaRAJ-Bridging-Header.h";
			};
			name = Release;
		};
		C2C5C03D1CC564D70010133B /* Debug */ = {
			isa = XCBuildConfiguration;
			buildSettings = {
				BUNDLE_LOADER = "$(TEST_HOST)";
				INFOPLIST_FILE = CopaRAJTests/Info.plist;
				LD_RUNPATH_SEARCH_PATHS = "$(inherited) @executable_path/Frameworks @loader_path/Frameworks";
				PRODUCT_BUNDLE_IDENTIFIER = "com.AR-T.CopaRAJTests";
				PRODUCT_NAME = "$(TARGET_NAME)";
				TEST_HOST = "$(BUILT_PRODUCTS_DIR)/CopaRAJ.app/CopaRAJ";
			};
			name = Debug;
		};
		C2C5C03E1CC564D70010133B /* Release */ = {
			isa = XCBuildConfiguration;
			buildSettings = {
				BUNDLE_LOADER = "$(TEST_HOST)";
				INFOPLIST_FILE = CopaRAJTests/Info.plist;
				LD_RUNPATH_SEARCH_PATHS = "$(inherited) @executable_path/Frameworks @loader_path/Frameworks";
				PRODUCT_BUNDLE_IDENTIFIER = "com.AR-T.CopaRAJTests";
				PRODUCT_NAME = "$(TARGET_NAME)";
				TEST_HOST = "$(BUILT_PRODUCTS_DIR)/CopaRAJ.app/CopaRAJ";
			};
			name = Release;
		};
		C2C5C0401CC564D70010133B /* Debug */ = {
			isa = XCBuildConfiguration;
			buildSettings = {
				INFOPLIST_FILE = CopaRAJUITests/Info.plist;
				LD_RUNPATH_SEARCH_PATHS = "$(inherited) @executable_path/Frameworks @loader_path/Frameworks";
				PRODUCT_BUNDLE_IDENTIFIER = "com.AR-T.CopaRAJUITests";
				PRODUCT_NAME = "$(TARGET_NAME)";
				TEST_TARGET_NAME = CopaRAJ;
			};
			name = Debug;
		};
		C2C5C0411CC564D70010133B /* Release */ = {
			isa = XCBuildConfiguration;
			buildSettings = {
				INFOPLIST_FILE = CopaRAJUITests/Info.plist;
				LD_RUNPATH_SEARCH_PATHS = "$(inherited) @executable_path/Frameworks @loader_path/Frameworks";
				PRODUCT_BUNDLE_IDENTIFIER = "com.AR-T.CopaRAJUITests";
				PRODUCT_NAME = "$(TARGET_NAME)";
				TEST_TARGET_NAME = CopaRAJ;
			};
			name = Release;
		};
/* End XCBuildConfiguration section */

/* Begin XCConfigurationList section */
		C2C5C0041CC564D70010133B /* Build configuration list for PBXProject "CopaRAJ" */ = {
			isa = XCConfigurationList;
			buildConfigurations = (
				C2C5C0371CC564D70010133B /* Debug */,
				C2C5C0381CC564D70010133B /* Release */,
			);
			defaultConfigurationIsVisible = 0;
			defaultConfigurationName = Release;
		};
		C2C5C0391CC564D70010133B /* Build configuration list for PBXNativeTarget "CopaRAJ" */ = {
			isa = XCConfigurationList;
			buildConfigurations = (
				C2C5C03A1CC564D70010133B /* Debug */,
				C2C5C03B1CC564D70010133B /* Release */,
			);
			defaultConfigurationIsVisible = 0;
			defaultConfigurationName = Release;
		};
		C2C5C03C1CC564D70010133B /* Build configuration list for PBXNativeTarget "CopaRAJTests" */ = {
			isa = XCConfigurationList;
			buildConfigurations = (
				C2C5C03D1CC564D70010133B /* Debug */,
				C2C5C03E1CC564D70010133B /* Release */,
			);
			defaultConfigurationIsVisible = 0;
			defaultConfigurationName = Release;
		};
		C2C5C03F1CC564D70010133B /* Build configuration list for PBXNativeTarget "CopaRAJUITests" */ = {
			isa = XCConfigurationList;
			buildConfigurations = (
				C2C5C0401CC564D70010133B /* Debug */,
				C2C5C0411CC564D70010133B /* Release */,
			);
			defaultConfigurationIsVisible = 0;
			defaultConfigurationName = Release;
		};
/* End XCConfigurationList section */

/* Begin XCVersionGroup section */
		C2C5C0181CC564D70010133B /* CopaRAJ.xcdatamodeld */ = {
			isa = XCVersionGroup;
			children = (
				C2C5C0191CC564D70010133B /* CopaRAJ.xcdatamodel */,
			);
			currentVersion = C2C5C0191CC564D70010133B /* CopaRAJ.xcdatamodel */;
			path = CopaRAJ.xcdatamodeld;
			sourceTree = "<group>";
			versionGroupType = wrapper.xcdatamodel;
		};
/* End XCVersionGroup section */
	};
	rootObject = C2C5C0011CC564D70010133B /* Project object */;
}
